// !$*UTF8*$!
{
	archiveVersion = 1;
	classes = {
	};
	objectVersion = 51;
	objects = {

/* Begin PBXBuildFile section */
		0B180D18215AC4F0784B344E /* ReadViewInput.swift in Sources */ = {isa = PBXBuildFile; fileRef = ED140C14B5C2478353005B71 /* ReadViewInput.swift */; };
		16741191B90201F0C41DF782 /* DailyInteractor.swift in Sources */ = {isa = PBXBuildFile; fileRef = 3B90905210945F54AF2698E3 /* DailyInteractor.swift */; };
		1A4711823E433855843F373A /* BookmarksRouter.swift in Sources */ = {isa = PBXBuildFile; fileRef = 9BDD43EED7C202EE0D6F4AFE /* BookmarksRouter.swift */; };
		1F4A1A4C528614DF902786AA /* BookmarksModuleInput.swift in Sources */ = {isa = PBXBuildFile; fileRef = AC25F698C5DAAF3CB9B9A156 /* BookmarksModuleInput.swift */; };
		206D0DC14C7A240D24950BD7 /* ReadInitializer.swift in Sources */ = {isa = PBXBuildFile; fileRef = 1FB2CF1BF9462485CA179044 /* ReadInitializer.swift */; };
		29451564248B19930F2A8F46 /* BookmarksInitializer.swift in Sources */ = {isa = PBXBuildFile; fileRef = F079384351A495E0C035ECB6 /* BookmarksInitializer.swift */; };
		2D81823C84BCD2741D9F8E22 /* DailyInteractorOutput.swift in Sources */ = {isa = PBXBuildFile; fileRef = 220F7CC605011508DF35DF8B /* DailyInteractorOutput.swift */; };
		3116BB56E87E599C9FA8B667 /* ReadInteractor.swift in Sources */ = {isa = PBXBuildFile; fileRef = D3C6A33A70D97F8D59D3D703 /* ReadInteractor.swift */; };
		324B90D462C97A6A81CDD572 /* ReadViewOutput.swift in Sources */ = {isa = PBXBuildFile; fileRef = CB6A66DD04FEA45BECF9235B /* ReadViewOutput.swift */; };
		34CE76B410B06D8E713BA17C /* BookmarksConfigurator.swift in Sources */ = {isa = PBXBuildFile; fileRef = 851E28A4249254C91CD8FB09 /* BookmarksConfigurator.swift */; };
		37B1D91DA1E4B16E8422E318 /* NewsListViewController.swift in Sources */ = {isa = PBXBuildFile; fileRef = 0215AD077145200EF33D64B9 /* NewsListViewController.swift */; };
		3AC49094FE2ED9AED2B0DC04 /* NewsListViewOutput.swift in Sources */ = {isa = PBXBuildFile; fileRef = 4EA680B2B3DF091BB4E54D4D /* NewsListViewOutput.swift */; };
		3D4310A2C3528EEC95C21A2D /* NewsListViewInput.swift in Sources */ = {isa = PBXBuildFile; fileRef = 6415F3B0B11F521C5F3F67D0 /* NewsListViewInput.swift */; };
		432A9DB01796FB17811FD506 /* DailyViewOutput.swift in Sources */ = {isa = PBXBuildFile; fileRef = 25D2BDA58A852C68C4A9DB5C /* DailyViewOutput.swift */; };
		471B2808FD3ACF1B6F313781 /* NewsListInteractorInput.swift in Sources */ = {isa = PBXBuildFile; fileRef = A9816A24440A4E0F130D5490 /* NewsListInteractorInput.swift */; };
		47F85D6DEB781EA48B792AD1 /* ReadConfigurator.swift in Sources */ = {isa = PBXBuildFile; fileRef = 79C4596B7B0727C807C0D0B6 /* ReadConfigurator.swift */; };
		4DEA1B1800F570B5BA6E8F1E /* BookmarksViewOutput.swift in Sources */ = {isa = PBXBuildFile; fileRef = E0094E235B0C5E11CDAC1FC7 /* BookmarksViewOutput.swift */; };
		532E35F1EF22111F5B3F13EE /* NewsListModuleInput.swift in Sources */ = {isa = PBXBuildFile; fileRef = D1575D2C72BA53B412F8D66D /* NewsListModuleInput.swift */; };
		5360B14DCD66DF13DFD7AD98 /* BookmarksInteractor.swift in Sources */ = {isa = PBXBuildFile; fileRef = D3C17E996DBF955C3FAE21AE /* BookmarksInteractor.swift */; };
		59E44B424E03C286CC8658E8 /* SearchRouterInput.swift in Sources */ = {isa = PBXBuildFile; fileRef = 1FB24B76D319125634B76E7F /* SearchRouterInput.swift */; };
		5EE27DC70AA8CFAB99624467 /* DailyInteractorInput.swift in Sources */ = {isa = PBXBuildFile; fileRef = C534F573CC27C25B6B5577AF /* DailyInteractorInput.swift */; };
		68B6262E9A3ADC90BD42FC80 /* ReadRouterInput.swift in Sources */ = {isa = PBXBuildFile; fileRef = D8A79C244868E511F4F75F35 /* ReadRouterInput.swift */; };
		6E664AB1075A88C6626F66FD /* NewsListInitializer.swift in Sources */ = {isa = PBXBuildFile; fileRef = 9343B2901324F49662FC6012 /* NewsListInitializer.swift */; };
		76D2D6E8E3A7AC2FA68A70D3 /* SearchViewInput.swift in Sources */ = {isa = PBXBuildFile; fileRef = 7E361314889F19EAA7AB63DC /* SearchViewInput.swift */; };
		7AB408C521E2FBB000725BD7 /* BookmarksInteractorOutput.swift in Sources */ = {isa = PBXBuildFile; fileRef = 7BA173137A924225C1393632 /* BookmarksInteractorOutput.swift */; };
		7B78C59B9D3A34CFA3792C1E /* SearchViewController.swift in Sources */ = {isa = PBXBuildFile; fileRef = 0C7A4C440D21E142CF435727 /* SearchViewController.swift */; };
		80CEF497FBC3D209643A78CF /* SearchInteractor.swift in Sources */ = {isa = PBXBuildFile; fileRef = C2F664BFCBCAA8FA8239EDEB /* SearchInteractor.swift */; };
		860147652DD68B5DD97136FF /* BookmarksViewInput.swift in Sources */ = {isa = PBXBuildFile; fileRef = 20A6C7A7DCEBB3F6C7E508CF /* BookmarksViewInput.swift */; };
		8D2CFA439F57F7AE8888FD45 /* NewsListInteractor.swift in Sources */ = {isa = PBXBuildFile; fileRef = DE40421569FCCA0CB1B8E7ED /* NewsListInteractor.swift */; };
		90439CDF101D5E2AB7C2E6DA /* DailyViewInput.swift in Sources */ = {isa = PBXBuildFile; fileRef = 7007E5AEAA81DD9AD4EBCB4B /* DailyViewInput.swift */; };
		960D382BB0FEB8ACF191A81A /* SearchModuleInput.swift in Sources */ = {isa = PBXBuildFile; fileRef = A19273753890A6FA6BE4AAA9 /* SearchModuleInput.swift */; };
		9A3C478B74A0D638916AB99C /* BookmarksPresenter.swift in Sources */ = {isa = PBXBuildFile; fileRef = 89E9210F7461B65B127C080D /* BookmarksPresenter.swift */; };
		9C4C24D0BBD6D16C863405DE /* ReadInteractorInput.swift in Sources */ = {isa = PBXBuildFile; fileRef = 8D690AC05591BEA91191A37D /* ReadInteractorInput.swift */; };
		9FA501D71924EFDEF6499FE0 /* BookmarksRouterInput.swift in Sources */ = {isa = PBXBuildFile; fileRef = 0DF0CCD5925DE656F17BBECD /* BookmarksRouterInput.swift */; };
		A260A62D02BF80B1A7D29D12 /* NewsListInteractorOutput.swift in Sources */ = {isa = PBXBuildFile; fileRef = 5339556DD335C335FFF04F6A /* NewsListInteractorOutput.swift */; };
		AB5370139336B77182F9DD7C /* SearchConfigurator.swift in Sources */ = {isa = PBXBuildFile; fileRef = 81E8255F483FEDF7C84C50EC /* SearchConfigurator.swift */; };
		AE0E38D6C09923A94FBF56AD /* DailyModuleInput.swift in Sources */ = {isa = PBXBuildFile; fileRef = 2A0C26D772B3A696D80049E2 /* DailyModuleInput.swift */; };
		B48499910682058D13C27783 /* DailyPresenter.swift in Sources */ = {isa = PBXBuildFile; fileRef = 2F6B25D3EB89029585B5768A /* DailyPresenter.swift */; };
		B4ABB3F06ECE50C8EC2127DF /* NewsListPresenter.swift in Sources */ = {isa = PBXBuildFile; fileRef = 9416933A99B2610345061ECC /* NewsListPresenter.swift */; };
		B5F1046955CFE55C2CAC15F0 /* SearchInteractorOutput.swift in Sources */ = {isa = PBXBuildFile; fileRef = 85DDBE7534C7732A55450B20 /* SearchInteractorOutput.swift */; };
		B7E35EA1C71C1275CD498CBA /* DailyRouterInput.swift in Sources */ = {isa = PBXBuildFile; fileRef = E087B095886A727AA39B8433 /* DailyRouterInput.swift */; };
		B90749C3116D03CBACFE94A3 /* DailyInitializer.swift in Sources */ = {isa = PBXBuildFile; fileRef = 25BDF8F0431B4D2ADFFF8D03 /* DailyInitializer.swift */; };
		B9F4AE463C67B8C855E6ED8C /* NewsListRouter.swift in Sources */ = {isa = PBXBuildFile; fileRef = 794EF232E1A8B78EF1570A8A /* NewsListRouter.swift */; };
		C1788EA188F2290E5E001BBB /* SearchInitializer.swift in Sources */ = {isa = PBXBuildFile; fileRef = F498732D651236F16BCEE03F /* SearchInitializer.swift */; };
		C1A69094CFD398C25345220C /* SearchInteractorInput.swift in Sources */ = {isa = PBXBuildFile; fileRef = 1E0C2E22C3C00E41E3AB38B2 /* SearchInteractorInput.swift */; };
		C81DCCA964F6137F6C7494ED /* ReadPresenter.swift in Sources */ = {isa = PBXBuildFile; fileRef = A4E2CBDD0704E2824B41F0F4 /* ReadPresenter.swift */; };
		CCE4F5EF772F39CB9955C8D7 /* NewsListConfigurator.swift in Sources */ = {isa = PBXBuildFile; fileRef = B6D0C04B38B72577B3EF0B88 /* NewsListConfigurator.swift */; };
		CE1D36DF255938480003343F /* LatestNewsViewModel.swift in Sources */ = {isa = PBXBuildFile; fileRef = CE1D36DE255938480003343F /* LatestNewsViewModel.swift */; };
		CE1D36E1255938650003343F /* TopStoriesViewModel.swift in Sources */ = {isa = PBXBuildFile; fileRef = CE1D36E0255938650003343F /* TopStoriesViewModel.swift */; };
		CE4261722564EC96006578FD /* NewsListViewModel.swift in Sources */ = {isa = PBXBuildFile; fileRef = CE4261712564EC96006578FD /* NewsListViewModel.swift */; };
		CE51BCD5255EA60400D8A611 /* TopStoryCellView.swift in Sources */ = {isa = PBXBuildFile; fileRef = CE51BCD4255EA60400D8A611 /* TopStoryCellView.swift */; };
		CE553FC9255D3B710021CDA1 /* NewsHeaderView.xib in Resources */ = {isa = PBXBuildFile; fileRef = CE553FC8255D3B710021CDA1 /* NewsHeaderView.xib */; };
		CE553FCD255D52580021CDA1 /* NewsHeaderView.swift in Sources */ = {isa = PBXBuildFile; fileRef = CE553FCC255D52580021CDA1 /* NewsHeaderView.swift */; };
		CE5D293E255AE183005C4068 /* FontsFree-Net-SFProDisplay-Regular.ttf in Resources */ = {isa = PBXBuildFile; fileRef = CE5D293D255AE183005C4068 /* FontsFree-Net-SFProDisplay-Regular.ttf */; };
		CE5D2944255AE225005C4068 /* FontsFree-Net-SFProDisplay-Bold.ttf in Resources */ = {isa = PBXBuildFile; fileRef = CE5D2943255AE225005C4068 /* FontsFree-Net-SFProDisplay-Bold.ttf */; };
		CE764D2F2557FEE10002FF3C /* FilterData.swift in Sources */ = {isa = PBXBuildFile; fileRef = CE764D2C2557FEE10002FF3C /* FilterData.swift */; };
		CE764D302557FEE10002FF3C /* StringHelper.swift in Sources */ = {isa = PBXBuildFile; fileRef = CE764D2D2557FEE10002FF3C /* StringHelper.swift */; };
		CE764D312557FEE10002FF3C /* News.swift in Sources */ = {isa = PBXBuildFile; fileRef = CE764D2E2557FEE10002FF3C /* News.swift */; };
		CE764D45255807F10002FF3C /* NewsAppTests.swift in Sources */ = {isa = PBXBuildFile; fileRef = CE764D44255807F10002FF3C /* NewsAppTests.swift */; };
		CE764D4C255808F20002FF3C /* DailyConfiguratorTests.swift in Sources */ = {isa = PBXBuildFile; fileRef = 4F40DE6CF4F72A7D28C421E7 /* DailyConfiguratorTests.swift */; };
		CE764D4D255808F90002FF3C /* DailyViewTests.swift in Sources */ = {isa = PBXBuildFile; fileRef = 544FA98FFB977F36E1C2372C /* DailyViewTests.swift */; };
		CE764D4E255808FE0002FF3C /* DailyInteractorTests.swift in Sources */ = {isa = PBXBuildFile; fileRef = 75D1D75A72AAF4EB6D4B5C84 /* DailyInteractorTests.swift */; };
		CE764D4F255809020002FF3C /* DailyPresenterTests.swift in Sources */ = {isa = PBXBuildFile; fileRef = 7FFB85207527ED45AFF461B2 /* DailyPresenterTests.swift */; };
		CE764D50255809080002FF3C /* DailyRouterTests.swift in Sources */ = {isa = PBXBuildFile; fileRef = 5BCB41301A2F344AB95D58E1 /* DailyRouterTests.swift */; };
		CE764D512558090E0002FF3C /* SearchConfiguratorTests.swift in Sources */ = {isa = PBXBuildFile; fileRef = 817B892627DDEA3E9DFC7B44 /* SearchConfiguratorTests.swift */; };
		CE764D52255809120002FF3C /* SearchViewTests.swift in Sources */ = {isa = PBXBuildFile; fileRef = 11576E56C3976B848F62ADA5 /* SearchViewTests.swift */; };
		CE764D53255809170002FF3C /* SearchInteractorTests.swift in Sources */ = {isa = PBXBuildFile; fileRef = 67A27C55A155E7E08E73D072 /* SearchInteractorTests.swift */; };
		CE764D542558091B0002FF3C /* SearchPresenterTests.swift in Sources */ = {isa = PBXBuildFile; fileRef = 2363172241AC98BD3A1A9BB4 /* SearchPresenterTests.swift */; };
		CE764D55255809220002FF3C /* SearchRouterTests.swift in Sources */ = {isa = PBXBuildFile; fileRef = B3FC134FBDAF8AEC88FE65E7 /* SearchRouterTests.swift */; };
		CE764D56255809290002FF3C /* ReadConfiguratorTests.swift in Sources */ = {isa = PBXBuildFile; fileRef = DCE5FF776EEBC11A99D2D591 /* ReadConfiguratorTests.swift */; };
		CE764D572558092E0002FF3C /* ReadViewTests.swift in Sources */ = {isa = PBXBuildFile; fileRef = E5F59B4752D32457A0ABC768 /* ReadViewTests.swift */; };
		CE764D58255809330002FF3C /* ReadInteractorTests.swift in Sources */ = {isa = PBXBuildFile; fileRef = 4745DDED01577968B046638B /* ReadInteractorTests.swift */; };
		CE764D59255809370002FF3C /* ReadPresenterTests.swift in Sources */ = {isa = PBXBuildFile; fileRef = E9BEE1D34993D6D9DABCEC01 /* ReadPresenterTests.swift */; };
		CE764D5A2558093B0002FF3C /* ReadRouterTests.swift in Sources */ = {isa = PBXBuildFile; fileRef = 9BD56FA665E31A544E270548 /* ReadRouterTests.swift */; };
		CE764D5B255809410002FF3C /* BookmarksConfiguratorTests.swift in Sources */ = {isa = PBXBuildFile; fileRef = A57386623CF3E14885DC7EEA /* BookmarksConfiguratorTests.swift */; };
		CE764D5C255809480002FF3C /* BookmarksViewTests.swift in Sources */ = {isa = PBXBuildFile; fileRef = 5C5C303386D2DB8A832FB2A4 /* BookmarksViewTests.swift */; };
		CE764D5D2558094D0002FF3C /* BookmarksInteractorTests.swift in Sources */ = {isa = PBXBuildFile; fileRef = 7AFB8A2ADF6F9EF9B9A22A8E /* BookmarksInteractorTests.swift */; };
		CE764D5E255809520002FF3C /* BookmarksPresenterTests.swift in Sources */ = {isa = PBXBuildFile; fileRef = 464E52339F21EC32704A3FDC /* BookmarksPresenterTests.swift */; };
		CE764D5F255809590002FF3C /* BookmarksRouterTests.swift in Sources */ = {isa = PBXBuildFile; fileRef = B47A03200C211692F9F75E5F /* BookmarksRouterTests.swift */; };
		CE764D62255815CF0002FF3C /* CachedDataLoader.swift in Sources */ = {isa = PBXBuildFile; fileRef = CE764D61255815CF0002FF3C /* CachedDataLoader.swift */; };
		CE764D642558177C0002FF3C /* NewsLoaderSevice.swift in Sources */ = {isa = PBXBuildFile; fileRef = CE764D632558177C0002FF3C /* NewsLoaderSevice.swift */; };
		CE764D66255828780002FF3C /* NewsContainer.swift in Sources */ = {isa = PBXBuildFile; fileRef = CE764D65255828780002FF3C /* NewsContainer.swift */; };
		CEA6035E255C071C004DA4EC /* NewsSectionViewModel.swift in Sources */ = {isa = PBXBuildFile; fileRef = CEA6035D255C071C004DA4EC /* NewsSectionViewModel.swift */; };
		CEA60362255C1557004DA4EC /* NewsCellViewModel.swift in Sources */ = {isa = PBXBuildFile; fileRef = CEA60361255C1557004DA4EC /* NewsCellViewModel.swift */; };
		CEC3BF782563AC1000D2B2BC /* NewsListConfiguratorTests.swift in Sources */ = {isa = PBXBuildFile; fileRef = 02C60ED25491CA796F1B1B88 /* NewsListConfiguratorTests.swift */; };
		CEC3BF7D2563AC1600D2B2BC /* NewsListViewTests.swift in Sources */ = {isa = PBXBuildFile; fileRef = C7C5A0028487DCAA5B4238AC /* NewsListViewTests.swift */; };
		CEC3BF822563AC1B00D2B2BC /* NewsListInteractorTests.swift in Sources */ = {isa = PBXBuildFile; fileRef = B623FC8B8C035CEBACB4EFB9 /* NewsListInteractorTests.swift */; };
		CEC3BF872563AC2000D2B2BC /* NewsListPresenterTests.swift in Sources */ = {isa = PBXBuildFile; fileRef = 695A35A7CEAD32AEC8F80608 /* NewsListPresenterTests.swift */; };
		CEC3BF8C2563AC2500D2B2BC /* NewsListRouterTests.swift in Sources */ = {isa = PBXBuildFile; fileRef = 778ED10157CD4AC5175A686F /* NewsListRouterTests.swift */; };
		CEC3BF972563C11600D2B2BC /* NewsListViewCell.swift in Sources */ = {isa = PBXBuildFile; fileRef = CEC3BF952563C11600D2B2BC /* NewsListViewCell.swift */; };
		CEC3BF982563C11600D2B2BC /* NewsListViewCell.xib in Resources */ = {isa = PBXBuildFile; fileRef = CEC3BF962563C11600D2B2BC /* NewsListViewCell.xib */; };
		CED193092557DEE000040A64 /* AppDelegate.swift in Sources */ = {isa = PBXBuildFile; fileRef = CED193082557DEE000040A64 /* AppDelegate.swift */; };
		CED1930B2557DEE000040A64 /* SceneDelegate.swift in Sources */ = {isa = PBXBuildFile; fileRef = CED1930A2557DEE000040A64 /* SceneDelegate.swift */; };
		CED1930D2557DEE000040A64 /* FirstViewController.swift in Sources */ = {isa = PBXBuildFile; fileRef = CED1930C2557DEE000040A64 /* FirstViewController.swift */; };
		CED1930F2557DEE000040A64 /* SecondViewController.swift in Sources */ = {isa = PBXBuildFile; fileRef = CED1930E2557DEE000040A64 /* SecondViewController.swift */; };
		CED193122557DEE000040A64 /* Main.storyboard in Resources */ = {isa = PBXBuildFile; fileRef = CED193102557DEE000040A64 /* Main.storyboard */; };
		CED193142557DEE100040A64 /* Assets.xcassets in Resources */ = {isa = PBXBuildFile; fileRef = CED193132557DEE100040A64 /* Assets.xcassets */; };
		CED193172557DEE100040A64 /* LaunchScreen.storyboard in Resources */ = {isa = PBXBuildFile; fileRef = CED193152557DEE100040A64 /* LaunchScreen.storyboard */; };
		CED1931F2557E25D00040A64 /* Podfile in Resources */ = {isa = PBXBuildFile; fileRef = CED1931E2557E25D00040A64 /* Podfile */; };
		CED193212557E27800040A64 /* .swiftlint.yml in Resources */ = {isa = PBXBuildFile; fileRef = CED193202557E27800040A64 /* .swiftlint.yml */; };
		CED193242557E38B00040A64 /* Rambafile in Resources */ = {isa = PBXBuildFile; fileRef = CED193232557E38B00040A64 /* Rambafile */; };
		CED193262557E4B600040A64 /* .gitignore in Resources */ = {isa = PBXBuildFile; fileRef = CED193252557E4B600040A64 /* .gitignore */; };
		CEDE0E25255EE3AE00797931 /* LatestNewsCellView.swift in Sources */ = {isa = PBXBuildFile; fileRef = CEDE0E24255EE3AE00797931 /* LatestNewsCellView.swift */; };
		CEDE0E29255EE5DF00797931 /* NewsSource.swift in Sources */ = {isa = PBXBuildFile; fileRef = CEDE0E28255EE5DF00797931 /* NewsSource.swift */; };
		CFA4BE90DD13CEC18DDCF7A1 /* SearchPresenter.swift in Sources */ = {isa = PBXBuildFile; fileRef = 27D1DD031EE7BC0A8EFC3C62 /* SearchPresenter.swift */; };
		DD507F2484B9A98E2B602C97 /* ReadRouter.swift in Sources */ = {isa = PBXBuildFile; fileRef = 520D10A81DA0C87A5F28BA32 /* ReadRouter.swift */; };
		E0407B7FB0E1A12B4C86D29D /* ReadInteractorOutput.swift in Sources */ = {isa = PBXBuildFile; fileRef = 4FCCE2A853A168E3A765106D /* ReadInteractorOutput.swift */; };
		E395DD8FEE3411B7C2C8E985 /* DailyViewController.swift in Sources */ = {isa = PBXBuildFile; fileRef = 24539EE82457675D0EB4477D /* DailyViewController.swift */; };
		E3A4F5477F88974885DB7A2C /* BookmarksViewController.swift in Sources */ = {isa = PBXBuildFile; fileRef = 20A200B08FACC6E45881CF22 /* BookmarksViewController.swift */; };
		E8334B739DDD3EFABF245C78 /* ReadViewController.swift in Sources */ = {isa = PBXBuildFile; fileRef = 3346803F51C93AEA4AFC42D7 /* ReadViewController.swift */; };
		F3236D682C560246BD02F137 /* NewsListRouterInput.swift in Sources */ = {isa = PBXBuildFile; fileRef = DC5C0E28453538DC58C04C77 /* NewsListRouterInput.swift */; };
		F3E0931EC22A4883E1AA7A38 /* SearchViewOutput.swift in Sources */ = {isa = PBXBuildFile; fileRef = 23BB6EB4D3009A9542615D93 /* SearchViewOutput.swift */; };
		F5BC00D8BB8DDAF747F00218 /* SearchRouter.swift in Sources */ = {isa = PBXBuildFile; fileRef = 7ECE01FF4BECD5B208DFFEDB /* SearchRouter.swift */; };
		F696B3B090A930C8C4C0F09F /* ReadModuleInput.swift in Sources */ = {isa = PBXBuildFile; fileRef = 998F9A118F33A4D85677C0FC /* ReadModuleInput.swift */; };
		F85669EC1DE5E024D7509450 /* Pods_NewsApp.framework in Frameworks */ = {isa = PBXBuildFile; fileRef = 452F4E78C19F99B8978861DD /* Pods_NewsApp.framework */; };
		FA3194BFB5CC7A371FAD88E1 /* DailyRouter.swift in Sources */ = {isa = PBXBuildFile; fileRef = E78C929CC08C7CA069206D66 /* DailyRouter.swift */; };
		FD0C905C30DFCDA3F45B72AB /* DailyConfigurator.swift in Sources */ = {isa = PBXBuildFile; fileRef = 6B7828946B1728B6E049AE7F /* DailyConfigurator.swift */; };
		FEAEED1C34763566FB8AC2B7 /* BookmarksInteractorInput.swift in Sources */ = {isa = PBXBuildFile; fileRef = 5E9BC8FEA51846CA29BF03E4 /* BookmarksInteractorInput.swift */; };
/* End PBXBuildFile section */

/* Begin PBXContainerItemProxy section */
		CE764D47255807F10002FF3C /* PBXContainerItemProxy */ = {
			isa = PBXContainerItemProxy;
			containerPortal = CED192FD2557DEE000040A64 /* Project object */;
			proxyType = 1;
			remoteGlobalIDString = CED193042557DEE000040A64;
			remoteInfo = NewsApp;
		};
/* End PBXContainerItemProxy section */

/* Begin PBXFileReference section */
		0215AD077145200EF33D64B9 /* NewsListViewController.swift */ = {isa = PBXFileReference; includeInIndex = 1; lastKnownFileType = sourcecode.swift; path = NewsListViewController.swift; sourceTree = "<group>"; };
		02C60ED25491CA796F1B1B88 /* NewsListConfiguratorTests.swift */ = {isa = PBXFileReference; includeInIndex = 1; lastKnownFileType = sourcecode.swift; path = NewsListConfiguratorTests.swift; sourceTree = "<group>"; };
		0C7A4C440D21E142CF435727 /* SearchViewController.swift */ = {isa = PBXFileReference; includeInIndex = 1; lastKnownFileType = sourcecode.swift; path = SearchViewController.swift; sourceTree = "<group>"; };
		0DF0CCD5925DE656F17BBECD /* BookmarksRouterInput.swift */ = {isa = PBXFileReference; includeInIndex = 1; lastKnownFileType = sourcecode.swift; path = BookmarksRouterInput.swift; sourceTree = "<group>"; };
		11576E56C3976B848F62ADA5 /* SearchViewTests.swift */ = {isa = PBXFileReference; includeInIndex = 1; lastKnownFileType = sourcecode.swift; path = SearchViewTests.swift; sourceTree = "<group>"; };
		1E0C2E22C3C00E41E3AB38B2 /* SearchInteractorInput.swift */ = {isa = PBXFileReference; includeInIndex = 1; lastKnownFileType = sourcecode.swift; path = SearchInteractorInput.swift; sourceTree = "<group>"; };
		1FB24B76D319125634B76E7F /* SearchRouterInput.swift */ = {isa = PBXFileReference; includeInIndex = 1; lastKnownFileType = sourcecode.swift; path = SearchRouterInput.swift; sourceTree = "<group>"; };
		1FB2CF1BF9462485CA179044 /* ReadInitializer.swift */ = {isa = PBXFileReference; includeInIndex = 1; lastKnownFileType = sourcecode.swift; path = ReadInitializer.swift; sourceTree = "<group>"; };
		20A200B08FACC6E45881CF22 /* BookmarksViewController.swift */ = {isa = PBXFileReference; includeInIndex = 1; lastKnownFileType = sourcecode.swift; path = BookmarksViewController.swift; sourceTree = "<group>"; };
		20A6C7A7DCEBB3F6C7E508CF /* BookmarksViewInput.swift */ = {isa = PBXFileReference; includeInIndex = 1; lastKnownFileType = sourcecode.swift; path = BookmarksViewInput.swift; sourceTree = "<group>"; };
		220F7CC605011508DF35DF8B /* DailyInteractorOutput.swift */ = {isa = PBXFileReference; includeInIndex = 1; lastKnownFileType = sourcecode.swift; path = DailyInteractorOutput.swift; sourceTree = "<group>"; };
		2363172241AC98BD3A1A9BB4 /* SearchPresenterTests.swift */ = {isa = PBXFileReference; includeInIndex = 1; lastKnownFileType = sourcecode.swift; path = SearchPresenterTests.swift; sourceTree = "<group>"; };
		23BB6EB4D3009A9542615D93 /* SearchViewOutput.swift */ = {isa = PBXFileReference; includeInIndex = 1; lastKnownFileType = sourcecode.swift; path = SearchViewOutput.swift; sourceTree = "<group>"; };
		24539EE82457675D0EB4477D /* DailyViewController.swift */ = {isa = PBXFileReference; includeInIndex = 1; lastKnownFileType = sourcecode.swift; path = DailyViewController.swift; sourceTree = "<group>"; };
		25BDF8F0431B4D2ADFFF8D03 /* DailyInitializer.swift */ = {isa = PBXFileReference; includeInIndex = 1; lastKnownFileType = sourcecode.swift; path = DailyInitializer.swift; sourceTree = "<group>"; };
		25D2BDA58A852C68C4A9DB5C /* DailyViewOutput.swift */ = {isa = PBXFileReference; includeInIndex = 1; lastKnownFileType = sourcecode.swift; path = DailyViewOutput.swift; sourceTree = "<group>"; };
		27D1DD031EE7BC0A8EFC3C62 /* SearchPresenter.swift */ = {isa = PBXFileReference; includeInIndex = 1; lastKnownFileType = sourcecode.swift; path = SearchPresenter.swift; sourceTree = "<group>"; };
		2A0C26D772B3A696D80049E2 /* DailyModuleInput.swift */ = {isa = PBXFileReference; includeInIndex = 1; lastKnownFileType = sourcecode.swift; path = DailyModuleInput.swift; sourceTree = "<group>"; };
		2F6B25D3EB89029585B5768A /* DailyPresenter.swift */ = {isa = PBXFileReference; includeInIndex = 1; lastKnownFileType = sourcecode.swift; path = DailyPresenter.swift; sourceTree = "<group>"; };
		3346803F51C93AEA4AFC42D7 /* ReadViewController.swift */ = {isa = PBXFileReference; includeInIndex = 1; lastKnownFileType = sourcecode.swift; path = ReadViewController.swift; sourceTree = "<group>"; };
		3B90905210945F54AF2698E3 /* DailyInteractor.swift */ = {isa = PBXFileReference; includeInIndex = 1; lastKnownFileType = sourcecode.swift; path = DailyInteractor.swift; sourceTree = "<group>"; };
		452F4E78C19F99B8978861DD /* Pods_NewsApp.framework */ = {isa = PBXFileReference; explicitFileType = wrapper.framework; includeInIndex = 0; path = Pods_NewsApp.framework; sourceTree = BUILT_PRODUCTS_DIR; };
		464E52339F21EC32704A3FDC /* BookmarksPresenterTests.swift */ = {isa = PBXFileReference; includeInIndex = 1; lastKnownFileType = sourcecode.swift; path = BookmarksPresenterTests.swift; sourceTree = "<group>"; };
		4745DDED01577968B046638B /* ReadInteractorTests.swift */ = {isa = PBXFileReference; includeInIndex = 1; lastKnownFileType = sourcecode.swift; path = ReadInteractorTests.swift; sourceTree = "<group>"; };
		4EA680B2B3DF091BB4E54D4D /* NewsListViewOutput.swift */ = {isa = PBXFileReference; includeInIndex = 1; lastKnownFileType = sourcecode.swift; path = NewsListViewOutput.swift; sourceTree = "<group>"; };
		4F40DE6CF4F72A7D28C421E7 /* DailyConfiguratorTests.swift */ = {isa = PBXFileReference; includeInIndex = 1; lastKnownFileType = sourcecode.swift; path = DailyConfiguratorTests.swift; sourceTree = "<group>"; };
		4FCCE2A853A168E3A765106D /* ReadInteractorOutput.swift */ = {isa = PBXFileReference; includeInIndex = 1; lastKnownFileType = sourcecode.swift; path = ReadInteractorOutput.swift; sourceTree = "<group>"; };
		520D10A81DA0C87A5F28BA32 /* ReadRouter.swift */ = {isa = PBXFileReference; includeInIndex = 1; lastKnownFileType = sourcecode.swift; path = ReadRouter.swift; sourceTree = "<group>"; };
		5339556DD335C335FFF04F6A /* NewsListInteractorOutput.swift */ = {isa = PBXFileReference; includeInIndex = 1; lastKnownFileType = sourcecode.swift; path = NewsListInteractorOutput.swift; sourceTree = "<group>"; };
		544FA98FFB977F36E1C2372C /* DailyViewTests.swift */ = {isa = PBXFileReference; includeInIndex = 1; lastKnownFileType = sourcecode.swift; path = DailyViewTests.swift; sourceTree = "<group>"; };
		5BCB41301A2F344AB95D58E1 /* DailyRouterTests.swift */ = {isa = PBXFileReference; includeInIndex = 1; lastKnownFileType = sourcecode.swift; path = DailyRouterTests.swift; sourceTree = "<group>"; };
		5C5C303386D2DB8A832FB2A4 /* BookmarksViewTests.swift */ = {isa = PBXFileReference; includeInIndex = 1; lastKnownFileType = sourcecode.swift; path = BookmarksViewTests.swift; sourceTree = "<group>"; };
		5E9BC8FEA51846CA29BF03E4 /* BookmarksInteractorInput.swift */ = {isa = PBXFileReference; includeInIndex = 1; lastKnownFileType = sourcecode.swift; path = BookmarksInteractorInput.swift; sourceTree = "<group>"; };
		6415F3B0B11F521C5F3F67D0 /* NewsListViewInput.swift */ = {isa = PBXFileReference; includeInIndex = 1; lastKnownFileType = sourcecode.swift; path = NewsListViewInput.swift; sourceTree = "<group>"; };
		67A27C55A155E7E08E73D072 /* SearchInteractorTests.swift */ = {isa = PBXFileReference; includeInIndex = 1; lastKnownFileType = sourcecode.swift; path = SearchInteractorTests.swift; sourceTree = "<group>"; };
		695A35A7CEAD32AEC8F80608 /* NewsListPresenterTests.swift */ = {isa = PBXFileReference; includeInIndex = 1; lastKnownFileType = sourcecode.swift; path = NewsListPresenterTests.swift; sourceTree = "<group>"; };
		6B7828946B1728B6E049AE7F /* DailyConfigurator.swift */ = {isa = PBXFileReference; includeInIndex = 1; lastKnownFileType = sourcecode.swift; path = DailyConfigurator.swift; sourceTree = "<group>"; };
		7007E5AEAA81DD9AD4EBCB4B /* DailyViewInput.swift */ = {isa = PBXFileReference; includeInIndex = 1; lastKnownFileType = sourcecode.swift; path = DailyViewInput.swift; sourceTree = "<group>"; };
		75D1D75A72AAF4EB6D4B5C84 /* DailyInteractorTests.swift */ = {isa = PBXFileReference; includeInIndex = 1; lastKnownFileType = sourcecode.swift; path = DailyInteractorTests.swift; sourceTree = "<group>"; };
		778ED10157CD4AC5175A686F /* NewsListRouterTests.swift */ = {isa = PBXFileReference; includeInIndex = 1; lastKnownFileType = sourcecode.swift; path = NewsListRouterTests.swift; sourceTree = "<group>"; };
		794EF232E1A8B78EF1570A8A /* NewsListRouter.swift */ = {isa = PBXFileReference; includeInIndex = 1; lastKnownFileType = sourcecode.swift; path = NewsListRouter.swift; sourceTree = "<group>"; };
		79C4596B7B0727C807C0D0B6 /* ReadConfigurator.swift */ = {isa = PBXFileReference; includeInIndex = 1; lastKnownFileType = sourcecode.swift; path = ReadConfigurator.swift; sourceTree = "<group>"; };
		7AFB8A2ADF6F9EF9B9A22A8E /* BookmarksInteractorTests.swift */ = {isa = PBXFileReference; includeInIndex = 1; lastKnownFileType = sourcecode.swift; path = BookmarksInteractorTests.swift; sourceTree = "<group>"; };
		7BA173137A924225C1393632 /* BookmarksInteractorOutput.swift */ = {isa = PBXFileReference; includeInIndex = 1; lastKnownFileType = sourcecode.swift; path = BookmarksInteractorOutput.swift; sourceTree = "<group>"; };
		7E361314889F19EAA7AB63DC /* SearchViewInput.swift */ = {isa = PBXFileReference; includeInIndex = 1; lastKnownFileType = sourcecode.swift; path = SearchViewInput.swift; sourceTree = "<group>"; };
		7ECE01FF4BECD5B208DFFEDB /* SearchRouter.swift */ = {isa = PBXFileReference; includeInIndex = 1; lastKnownFileType = sourcecode.swift; path = SearchRouter.swift; sourceTree = "<group>"; };
		7FFB85207527ED45AFF461B2 /* DailyPresenterTests.swift */ = {isa = PBXFileReference; includeInIndex = 1; lastKnownFileType = sourcecode.swift; path = DailyPresenterTests.swift; sourceTree = "<group>"; };
		817B892627DDEA3E9DFC7B44 /* SearchConfiguratorTests.swift */ = {isa = PBXFileReference; includeInIndex = 1; lastKnownFileType = sourcecode.swift; path = SearchConfiguratorTests.swift; sourceTree = "<group>"; };
		81E8255F483FEDF7C84C50EC /* SearchConfigurator.swift */ = {isa = PBXFileReference; includeInIndex = 1; lastKnownFileType = sourcecode.swift; path = SearchConfigurator.swift; sourceTree = "<group>"; };
		851E28A4249254C91CD8FB09 /* BookmarksConfigurator.swift */ = {isa = PBXFileReference; includeInIndex = 1; lastKnownFileType = sourcecode.swift; path = BookmarksConfigurator.swift; sourceTree = "<group>"; };
		85DDBE7534C7732A55450B20 /* SearchInteractorOutput.swift */ = {isa = PBXFileReference; includeInIndex = 1; lastKnownFileType = sourcecode.swift; path = SearchInteractorOutput.swift; sourceTree = "<group>"; };
		878F88F80314832082E45B05 /* Pods-NewsApp.release.xcconfig */ = {isa = PBXFileReference; includeInIndex = 1; lastKnownFileType = text.xcconfig; name = "Pods-NewsApp.release.xcconfig"; path = "Target Support Files/Pods-NewsApp/Pods-NewsApp.release.xcconfig"; sourceTree = "<group>"; };
		89E9210F7461B65B127C080D /* BookmarksPresenter.swift */ = {isa = PBXFileReference; includeInIndex = 1; lastKnownFileType = sourcecode.swift; path = BookmarksPresenter.swift; sourceTree = "<group>"; };
		8D690AC05591BEA91191A37D /* ReadInteractorInput.swift */ = {isa = PBXFileReference; includeInIndex = 1; lastKnownFileType = sourcecode.swift; path = ReadInteractorInput.swift; sourceTree = "<group>"; };
		9343B2901324F49662FC6012 /* NewsListInitializer.swift */ = {isa = PBXFileReference; includeInIndex = 1; lastKnownFileType = sourcecode.swift; path = NewsListInitializer.swift; sourceTree = "<group>"; };
		9416933A99B2610345061ECC /* NewsListPresenter.swift */ = {isa = PBXFileReference; includeInIndex = 1; lastKnownFileType = sourcecode.swift; path = NewsListPresenter.swift; sourceTree = "<group>"; };
		998F9A118F33A4D85677C0FC /* ReadModuleInput.swift */ = {isa = PBXFileReference; includeInIndex = 1; lastKnownFileType = sourcecode.swift; path = ReadModuleInput.swift; sourceTree = "<group>"; };
		9BD56FA665E31A544E270548 /* ReadRouterTests.swift */ = {isa = PBXFileReference; includeInIndex = 1; lastKnownFileType = sourcecode.swift; path = ReadRouterTests.swift; sourceTree = "<group>"; };
		9BDD43EED7C202EE0D6F4AFE /* BookmarksRouter.swift */ = {isa = PBXFileReference; includeInIndex = 1; lastKnownFileType = sourcecode.swift; path = BookmarksRouter.swift; sourceTree = "<group>"; };
		A19273753890A6FA6BE4AAA9 /* SearchModuleInput.swift */ = {isa = PBXFileReference; includeInIndex = 1; lastKnownFileType = sourcecode.swift; path = SearchModuleInput.swift; sourceTree = "<group>"; };
		A4E2CBDD0704E2824B41F0F4 /* ReadPresenter.swift */ = {isa = PBXFileReference; includeInIndex = 1; lastKnownFileType = sourcecode.swift; path = ReadPresenter.swift; sourceTree = "<group>"; };
		A57386623CF3E14885DC7EEA /* BookmarksConfiguratorTests.swift */ = {isa = PBXFileReference; includeInIndex = 1; lastKnownFileType = sourcecode.swift; path = BookmarksConfiguratorTests.swift; sourceTree = "<group>"; };
		A9816A24440A4E0F130D5490 /* NewsListInteractorInput.swift */ = {isa = PBXFileReference; includeInIndex = 1; lastKnownFileType = sourcecode.swift; path = NewsListInteractorInput.swift; sourceTree = "<group>"; };
		AC25F698C5DAAF3CB9B9A156 /* BookmarksModuleInput.swift */ = {isa = PBXFileReference; includeInIndex = 1; lastKnownFileType = sourcecode.swift; path = BookmarksModuleInput.swift; sourceTree = "<group>"; };
		B077703C78530AB1064345DF /* Pods-NewsApp.debug.xcconfig */ = {isa = PBXFileReference; includeInIndex = 1; lastKnownFileType = text.xcconfig; name = "Pods-NewsApp.debug.xcconfig"; path = "Target Support Files/Pods-NewsApp/Pods-NewsApp.debug.xcconfig"; sourceTree = "<group>"; };
		B3FC134FBDAF8AEC88FE65E7 /* SearchRouterTests.swift */ = {isa = PBXFileReference; includeInIndex = 1; lastKnownFileType = sourcecode.swift; path = SearchRouterTests.swift; sourceTree = "<group>"; };
		B47A03200C211692F9F75E5F /* BookmarksRouterTests.swift */ = {isa = PBXFileReference; includeInIndex = 1; lastKnownFileType = sourcecode.swift; path = BookmarksRouterTests.swift; sourceTree = "<group>"; };
		B623FC8B8C035CEBACB4EFB9 /* NewsListInteractorTests.swift */ = {isa = PBXFileReference; includeInIndex = 1; lastKnownFileType = sourcecode.swift; path = NewsListInteractorTests.swift; sourceTree = "<group>"; };
		B6D0C04B38B72577B3EF0B88 /* NewsListConfigurator.swift */ = {isa = PBXFileReference; includeInIndex = 1; lastKnownFileType = sourcecode.swift; path = NewsListConfigurator.swift; sourceTree = "<group>"; };
		C2F664BFCBCAA8FA8239EDEB /* SearchInteractor.swift */ = {isa = PBXFileReference; includeInIndex = 1; lastKnownFileType = sourcecode.swift; path = SearchInteractor.swift; sourceTree = "<group>"; };
		C534F573CC27C25B6B5577AF /* DailyInteractorInput.swift */ = {isa = PBXFileReference; includeInIndex = 1; lastKnownFileType = sourcecode.swift; path = DailyInteractorInput.swift; sourceTree = "<group>"; };
		C7C5A0028487DCAA5B4238AC /* NewsListViewTests.swift */ = {isa = PBXFileReference; includeInIndex = 1; lastKnownFileType = sourcecode.swift; path = NewsListViewTests.swift; sourceTree = "<group>"; };
		CB6A66DD04FEA45BECF9235B /* ReadViewOutput.swift */ = {isa = PBXFileReference; includeInIndex = 1; lastKnownFileType = sourcecode.swift; path = ReadViewOutput.swift; sourceTree = "<group>"; };
		CE1D36DE255938480003343F /* LatestNewsViewModel.swift */ = {isa = PBXFileReference; lastKnownFileType = sourcecode.swift; path = LatestNewsViewModel.swift; sourceTree = "<group>"; };
		CE1D36E0255938650003343F /* TopStoriesViewModel.swift */ = {isa = PBXFileReference; lastKnownFileType = sourcecode.swift; path = TopStoriesViewModel.swift; sourceTree = "<group>"; };
		CE4261712564EC96006578FD /* NewsListViewModel.swift */ = {isa = PBXFileReference; lastKnownFileType = sourcecode.swift; path = NewsListViewModel.swift; sourceTree = "<group>"; };
		CE51BCD4255EA60400D8A611 /* TopStoryCellView.swift */ = {isa = PBXFileReference; lastKnownFileType = sourcecode.swift; path = TopStoryCellView.swift; sourceTree = "<group>"; };
		CE553FC8255D3B710021CDA1 /* NewsHeaderView.xib */ = {isa = PBXFileReference; lastKnownFileType = file.xib; path = NewsHeaderView.xib; sourceTree = "<group>"; };
		CE553FCC255D52580021CDA1 /* NewsHeaderView.swift */ = {isa = PBXFileReference; lastKnownFileType = sourcecode.swift; path = NewsHeaderView.swift; sourceTree = "<group>"; };
		CE5D293D255AE183005C4068 /* FontsFree-Net-SFProDisplay-Regular.ttf */ = {isa = PBXFileReference; lastKnownFileType = file; path = "FontsFree-Net-SFProDisplay-Regular.ttf"; sourceTree = "<group>"; };
		CE5D2943255AE225005C4068 /* FontsFree-Net-SFProDisplay-Bold.ttf */ = {isa = PBXFileReference; lastKnownFileType = file; path = "FontsFree-Net-SFProDisplay-Bold.ttf"; sourceTree = "<group>"; };
		CE764D2C2557FEE10002FF3C /* FilterData.swift */ = {isa = PBXFileReference; fileEncoding = 4; lastKnownFileType = sourcecode.swift; path = FilterData.swift; sourceTree = "<group>"; };
		CE764D2D2557FEE10002FF3C /* StringHelper.swift */ = {isa = PBXFileReference; fileEncoding = 4; lastKnownFileType = sourcecode.swift; path = StringHelper.swift; sourceTree = "<group>"; };
		CE764D2E2557FEE10002FF3C /* News.swift */ = {isa = PBXFileReference; fileEncoding = 4; lastKnownFileType = sourcecode.swift; path = News.swift; sourceTree = "<group>"; };
		CE764D39255806C00002FF3C /* XCTest.framework */ = {isa = PBXFileReference; lastKnownFileType = wrapper.framework; name = XCTest.framework; path = Platforms/iPhoneOS.platform/Developer/Library/Frameworks/XCTest.framework; sourceTree = DEVELOPER_DIR; };
		CE764D42255807F10002FF3C /* NewsAppTests.xctest */ = {isa = PBXFileReference; explicitFileType = wrapper.cfbundle; includeInIndex = 0; path = NewsAppTests.xctest; sourceTree = BUILT_PRODUCTS_DIR; };
		CE764D44255807F10002FF3C /* NewsAppTests.swift */ = {isa = PBXFileReference; lastKnownFileType = sourcecode.swift; path = NewsAppTests.swift; sourceTree = "<group>"; };
		CE764D46255807F10002FF3C /* Info.plist */ = {isa = PBXFileReference; lastKnownFileType = text.plist.xml; path = Info.plist; sourceTree = "<group>"; };
		CE764D61255815CF0002FF3C /* CachedDataLoader.swift */ = {isa = PBXFileReference; fileEncoding = 4; lastKnownFileType = sourcecode.swift; path = CachedDataLoader.swift; sourceTree = "<group>"; };
		CE764D632558177C0002FF3C /* NewsLoaderSevice.swift */ = {isa = PBXFileReference; lastKnownFileType = sourcecode.swift; path = NewsLoaderSevice.swift; sourceTree = "<group>"; };
		CE764D65255828780002FF3C /* NewsContainer.swift */ = {isa = PBXFileReference; lastKnownFileType = sourcecode.swift; path = NewsContainer.swift; sourceTree = "<group>"; };
		CEA6035D255C071C004DA4EC /* NewsSectionViewModel.swift */ = {isa = PBXFileReference; lastKnownFileType = sourcecode.swift; path = NewsSectionViewModel.swift; sourceTree = "<group>"; };
		CEA60361255C1557004DA4EC /* NewsCellViewModel.swift */ = {isa = PBXFileReference; lastKnownFileType = sourcecode.swift; path = NewsCellViewModel.swift; sourceTree = "<group>"; };
		CEC3BF952563C11600D2B2BC /* NewsListViewCell.swift */ = {isa = PBXFileReference; lastKnownFileType = sourcecode.swift; path = NewsListViewCell.swift; sourceTree = "<group>"; };
		CEC3BF962563C11600D2B2BC /* NewsListViewCell.xib */ = {isa = PBXFileReference; lastKnownFileType = file.xib; path = NewsListViewCell.xib; sourceTree = "<group>"; };
		CED193052557DEE000040A64 /* NewsApp.app */ = {isa = PBXFileReference; explicitFileType = wrapper.application; includeInIndex = 0; path = NewsApp.app; sourceTree = BUILT_PRODUCTS_DIR; };
		CED193082557DEE000040A64 /* AppDelegate.swift */ = {isa = PBXFileReference; lastKnownFileType = sourcecode.swift; path = AppDelegate.swift; sourceTree = "<group>"; };
		CED1930A2557DEE000040A64 /* SceneDelegate.swift */ = {isa = PBXFileReference; lastKnownFileType = sourcecode.swift; path = SceneDelegate.swift; sourceTree = "<group>"; };
		CED1930C2557DEE000040A64 /* FirstViewController.swift */ = {isa = PBXFileReference; lastKnownFileType = sourcecode.swift; path = FirstViewController.swift; sourceTree = "<group>"; };
		CED1930E2557DEE000040A64 /* SecondViewController.swift */ = {isa = PBXFileReference; lastKnownFileType = sourcecode.swift; path = SecondViewController.swift; sourceTree = "<group>"; };
		CED193112557DEE000040A64 /* Base */ = {isa = PBXFileReference; lastKnownFileType = file.storyboard; name = Base; path = Base.lproj/Main.storyboard; sourceTree = "<group>"; };
		CED193132557DEE100040A64 /* Assets.xcassets */ = {isa = PBXFileReference; lastKnownFileType = folder.assetcatalog; path = Assets.xcassets; sourceTree = "<group>"; };
		CED193162557DEE100040A64 /* Base */ = {isa = PBXFileReference; lastKnownFileType = file.storyboard; name = Base; path = Base.lproj/LaunchScreen.storyboard; sourceTree = "<group>"; };
		CED193182557DEE100040A64 /* Info.plist */ = {isa = PBXFileReference; lastKnownFileType = text.plist.xml; path = Info.plist; sourceTree = "<group>"; };
		CED1931E2557E25D00040A64 /* Podfile */ = {isa = PBXFileReference; fileEncoding = 4; lastKnownFileType = text; path = Podfile; sourceTree = "<group>"; xcLanguageSpecificationIdentifier = xcode.lang.ruby; };
		CED193202557E27800040A64 /* .swiftlint.yml */ = {isa = PBXFileReference; fileEncoding = 4; lastKnownFileType = text.yaml; path = .swiftlint.yml; sourceTree = "<group>"; };
		CED193232557E38B00040A64 /* Rambafile */ = {isa = PBXFileReference; fileEncoding = 4; lastKnownFileType = text; path = Rambafile; sourceTree = "<group>"; };
		CED193252557E4B600040A64 /* .gitignore */ = {isa = PBXFileReference; fileEncoding = 4; lastKnownFileType = text; path = .gitignore; sourceTree = "<group>"; };
		CEDE0E24255EE3AE00797931 /* LatestNewsCellView.swift */ = {isa = PBXFileReference; lastKnownFileType = sourcecode.swift; path = LatestNewsCellView.swift; sourceTree = "<group>"; };
		CEDE0E28255EE5DF00797931 /* NewsSource.swift */ = {isa = PBXFileReference; lastKnownFileType = sourcecode.swift; path = NewsSource.swift; sourceTree = "<group>"; };
		D1575D2C72BA53B412F8D66D /* NewsListModuleInput.swift */ = {isa = PBXFileReference; includeInIndex = 1; lastKnownFileType = sourcecode.swift; path = NewsListModuleInput.swift; sourceTree = "<group>"; };
		D3C17E996DBF955C3FAE21AE /* BookmarksInteractor.swift */ = {isa = PBXFileReference; includeInIndex = 1; lastKnownFileType = sourcecode.swift; path = BookmarksInteractor.swift; sourceTree = "<group>"; };
		D3C6A33A70D97F8D59D3D703 /* ReadInteractor.swift */ = {isa = PBXFileReference; includeInIndex = 1; lastKnownFileType = sourcecode.swift; path = ReadInteractor.swift; sourceTree = "<group>"; };
		D8A79C244868E511F4F75F35 /* ReadRouterInput.swift */ = {isa = PBXFileReference; includeInIndex = 1; lastKnownFileType = sourcecode.swift; path = ReadRouterInput.swift; sourceTree = "<group>"; };
		DC5C0E28453538DC58C04C77 /* NewsListRouterInput.swift */ = {isa = PBXFileReference; includeInIndex = 1; lastKnownFileType = sourcecode.swift; path = NewsListRouterInput.swift; sourceTree = "<group>"; };
		DCE5FF776EEBC11A99D2D591 /* ReadConfiguratorTests.swift */ = {isa = PBXFileReference; includeInIndex = 1; lastKnownFileType = sourcecode.swift; path = ReadConfiguratorTests.swift; sourceTree = "<group>"; };
		DE40421569FCCA0CB1B8E7ED /* NewsListInteractor.swift */ = {isa = PBXFileReference; includeInIndex = 1; lastKnownFileType = sourcecode.swift; path = NewsListInteractor.swift; sourceTree = "<group>"; };
		E0094E235B0C5E11CDAC1FC7 /* BookmarksViewOutput.swift */ = {isa = PBXFileReference; includeInIndex = 1; lastKnownFileType = sourcecode.swift; path = BookmarksViewOutput.swift; sourceTree = "<group>"; };
		E087B095886A727AA39B8433 /* DailyRouterInput.swift */ = {isa = PBXFileReference; includeInIndex = 1; lastKnownFileType = sourcecode.swift; path = DailyRouterInput.swift; sourceTree = "<group>"; };
		E5F59B4752D32457A0ABC768 /* ReadViewTests.swift */ = {isa = PBXFileReference; includeInIndex = 1; lastKnownFileType = sourcecode.swift; path = ReadViewTests.swift; sourceTree = "<group>"; };
		E78C929CC08C7CA069206D66 /* DailyRouter.swift */ = {isa = PBXFileReference; includeInIndex = 1; lastKnownFileType = sourcecode.swift; path = DailyRouter.swift; sourceTree = "<group>"; };
		E9BEE1D34993D6D9DABCEC01 /* ReadPresenterTests.swift */ = {isa = PBXFileReference; includeInIndex = 1; lastKnownFileType = sourcecode.swift; path = ReadPresenterTests.swift; sourceTree = "<group>"; };
		ED140C14B5C2478353005B71 /* ReadViewInput.swift */ = {isa = PBXFileReference; includeInIndex = 1; lastKnownFileType = sourcecode.swift; path = ReadViewInput.swift; sourceTree = "<group>"; };
		F079384351A495E0C035ECB6 /* BookmarksInitializer.swift */ = {isa = PBXFileReference; includeInIndex = 1; lastKnownFileType = sourcecode.swift; path = BookmarksInitializer.swift; sourceTree = "<group>"; };
		F498732D651236F16BCEE03F /* SearchInitializer.swift */ = {isa = PBXFileReference; includeInIndex = 1; lastKnownFileType = sourcecode.swift; path = SearchInitializer.swift; sourceTree = "<group>"; };
/* End PBXFileReference section */

/* Begin PBXFrameworksBuildPhase section */
		CE764D3F255807F10002FF3C /* Frameworks */ = {
			isa = PBXFrameworksBuildPhase;
			buildActionMask = 2147483647;
			files = (
			);
			runOnlyForDeploymentPostprocessing = 0;
		};
		CED193022557DEE000040A64 /* Frameworks */ = {
			isa = PBXFrameworksBuildPhase;
			buildActionMask = 2147483647;
			files = (
				F85669EC1DE5E024D7509450 /* Pods_NewsApp.framework in Frameworks */,
			);
			runOnlyForDeploymentPostprocessing = 0;
		};
/* End PBXFrameworksBuildPhase section */

/* Begin PBXGroup section */
		06DD4B6AEA22C3B1CDF5000C /* View */ = {
			isa = PBXGroup;
			children = (
				CE1D36DD255938140003343F /* ViewModel */,
				7007E5AEAA81DD9AD4EBCB4B /* DailyViewInput.swift */,
				25D2BDA58A852C68C4A9DB5C /* DailyViewOutput.swift */,
				24539EE82457675D0EB4477D /* DailyViewController.swift */,
				CE553FC8255D3B710021CDA1 /* NewsHeaderView.xib */,
				CE553FCC255D52580021CDA1 /* NewsHeaderView.swift */,
				CE51BCD4255EA60400D8A611 /* TopStoryCellView.swift */,
				CEDE0E24255EE3AE00797931 /* LatestNewsCellView.swift */,
			);
			path = View;
			sourceTree = "<group>";
		};
		09B09B1AD7BA757C1C107B07 /* Configurator */ = {
			isa = PBXGroup;
			children = (
				DCE5FF776EEBC11A99D2D591 /* ReadConfiguratorTests.swift */,
			);
			path = Configurator;
			sourceTree = "<group>";
		};
		0A6AE2C6626400D13B95B70E /* Configurator */ = {
			isa = PBXGroup;
			children = (
				A57386623CF3E14885DC7EEA /* BookmarksConfiguratorTests.swift */,
			);
			path = Configurator;
			sourceTree = "<group>";
		};
		1037E484551275E74C97332F /* Modules */ = {
			isa = PBXGroup;
			children = (
				F1D23E8FCD3F20FE28083825 /* Daily */,
				283ADCCD54F2C3DF6BDD7C4F /* Search */,
				6E3B6771B396FB5AD24C624D /* Read */,
				6C8EA642AFB3AEA02EB2F48C /* Bookmarks */,
				C44A88EFEF4AC5741126F347 /* NewsList */,
			);
			path = Modules;
			sourceTree = "<group>";
		};
		206CA2DFF20E19361F8B3B03 /* View */ = {
			isa = PBXGroup;
			children = (
				ED140C14B5C2478353005B71 /* ReadViewInput.swift */,
				CB6A66DD04FEA45BECF9235B /* ReadViewOutput.swift */,
				3346803F51C93AEA4AFC42D7 /* ReadViewController.swift */,
			);
			path = View;
			sourceTree = "<group>";
		};
		283ADCCD54F2C3DF6BDD7C4F /* Search */ = {
			isa = PBXGroup;
			children = (
				AA6258AAFC35908A7CC7501B /* Configurator */,
				C746BF753321E86EC0E70007 /* View */,
				A06F47629260A04F47747428 /* Interactor */,
				DA43C7ABB4740E5569898C4E /* Presenter */,
				F569C1A7482E9245D9624B38 /* Router */,
			);
			path = Search;
			sourceTree = "<group>";
		};
		2F8507EA0A42AA027930AFDF /* Router */ = {
			isa = PBXGroup;
			children = (
				1FB24B76D319125634B76E7F /* SearchRouterInput.swift */,
				7ECE01FF4BECD5B208DFFEDB /* SearchRouter.swift */,
			);
			path = Router;
			sourceTree = "<group>";
		};
		3F976D730977FCB91D4269CB /* Pods */ = {
			isa = PBXGroup;
			children = (
				B077703C78530AB1064345DF /* Pods-NewsApp.debug.xcconfig */,
				878F88F80314832082E45B05 /* Pods-NewsApp.release.xcconfig */,
			);
			path = Pods;
			sourceTree = "<group>";
		};
		41B122D7CAE4C069A4BE42DA /* Router */ = {
			isa = PBXGroup;
			children = (
				0DF0CCD5925DE656F17BBECD /* BookmarksRouterInput.swift */,
				9BDD43EED7C202EE0D6F4AFE /* BookmarksRouter.swift */,
			);
			path = Router;
			sourceTree = "<group>";
		};
		47197F6A2118EBF2AC468E70 /* Read */ = {
			isa = PBXGroup;
			children = (
				206CA2DFF20E19361F8B3B03 /* View */,
				504B8FE7AF5B8718C2492E91 /* Presenter */,
				D8F6769EDFA49626E2DD9EB3 /* Interactor */,
				D2C957343F862FE1D57E04CA /* Router */,
				7AC4F6CBEEAF40C988AD3896 /* Configurator */,
			);
			path = Read;
			sourceTree = "<group>";
		};
		485F2275B76B1E0EBCA2A2D6 /* View */ = {
			isa = PBXGroup;
			children = (
				5C5C303386D2DB8A832FB2A4 /* BookmarksViewTests.swift */,
			);
			path = View;
			sourceTree = "<group>";
		};
		48AF0501CD047030FAF4BA64 /* Interactor */ = {
			isa = PBXGroup;
			children = (
				B623FC8B8C035CEBACB4EFB9 /* NewsListInteractorTests.swift */,
			);
			path = Interactor;
			sourceTree = "<group>";
		};
		48F82FE199904515E798B83F /* Interactor */ = {
			isa = PBXGroup;
			children = (
				7AFB8A2ADF6F9EF9B9A22A8E /* BookmarksInteractorTests.swift */,
			);
			path = Interactor;
			sourceTree = "<group>";
		};
		491CF66DD28D1AF8226525B7 /* View */ = {
			isa = PBXGroup;
			children = (
				CE4261702564EC74006578FD /* ViewModel */,
				6415F3B0B11F521C5F3F67D0 /* NewsListViewInput.swift */,
				4EA680B2B3DF091BB4E54D4D /* NewsListViewOutput.swift */,
				0215AD077145200EF33D64B9 /* NewsListViewController.swift */,
				CEC3BF952563C11600D2B2BC /* NewsListViewCell.swift */,
				CEC3BF962563C11600D2B2BC /* NewsListViewCell.xib */,
			);
			path = View;
			sourceTree = "<group>";
		};
		501CFD3B28EFBADAC9EF7BF6 /* View */ = {
			isa = PBXGroup;
			children = (
				7E361314889F19EAA7AB63DC /* SearchViewInput.swift */,
				23BB6EB4D3009A9542615D93 /* SearchViewOutput.swift */,
				0C7A4C440D21E142CF435727 /* SearchViewController.swift */,
			);
			path = View;
			sourceTree = "<group>";
		};
		504B8FE7AF5B8718C2492E91 /* Presenter */ = {
			isa = PBXGroup;
			children = (
				998F9A118F33A4D85677C0FC /* ReadModuleInput.swift */,
				A4E2CBDD0704E2824B41F0F4 /* ReadPresenter.swift */,
			);
			path = Presenter;
			sourceTree = "<group>";
		};
		5A1B538A95DAB9061767FAE6 /* Presenter */ = {
			isa = PBXGroup;
			children = (
				695A35A7CEAD32AEC8F80608 /* NewsListPresenterTests.swift */,
			);
			path = Presenter;
			sourceTree = "<group>";
		};
		5B8D27D5073D7EA9E0020AB6 /* Interactor */ = {
			isa = PBXGroup;
			children = (
				5E9BC8FEA51846CA29BF03E4 /* BookmarksInteractorInput.swift */,
				7BA173137A924225C1393632 /* BookmarksInteractorOutput.swift */,
				D3C17E996DBF955C3FAE21AE /* BookmarksInteractor.swift */,
			);
			path = Interactor;
			sourceTree = "<group>";
		};
		6748F3E523FF08835F619371 /* Presenter */ = {
			isa = PBXGroup;
			children = (
				2A0C26D772B3A696D80049E2 /* DailyModuleInput.swift */,
				2F6B25D3EB89029585B5768A /* DailyPresenter.swift */,
			);
			path = Presenter;
			sourceTree = "<group>";
		};
		694BECC5A9A57412D3CBCF5D /* Router */ = {
			isa = PBXGroup;
			children = (
				B47A03200C211692F9F75E5F /* BookmarksRouterTests.swift */,
			);
			path = Router;
			sourceTree = "<group>";
		};
		696669A397E49248E4A9EF76 /* View */ = {
			isa = PBXGroup;
			children = (
				E5F59B4752D32457A0ABC768 /* ReadViewTests.swift */,
			);
			path = View;
			sourceTree = "<group>";
		};
		69B092366A57F323FCA7D1B3 /* Configurator */ = {
			isa = PBXGroup;
			children = (
				B6D0C04B38B72577B3EF0B88 /* NewsListConfigurator.swift */,
				9343B2901324F49662FC6012 /* NewsListInitializer.swift */,
			);
			path = Configurator;
			sourceTree = "<group>";
		};
		6C8EA642AFB3AEA02EB2F48C /* Bookmarks */ = {
			isa = PBXGroup;
			children = (
				0A6AE2C6626400D13B95B70E /* Configurator */,
				485F2275B76B1E0EBCA2A2D6 /* View */,
				48F82FE199904515E798B83F /* Interactor */,
				D34E5A85D406BDC4B4322046 /* Presenter */,
				694BECC5A9A57412D3CBCF5D /* Router */,
			);
			path = Bookmarks;
			sourceTree = "<group>";
		};
		6D0B1F3DB93207B45E434240 /* Presenter */ = {
			isa = PBXGroup;
			children = (
				D1575D2C72BA53B412F8D66D /* NewsListModuleInput.swift */,
				9416933A99B2610345061ECC /* NewsListPresenter.swift */,
			);
			path = Presenter;
			sourceTree = "<group>";
		};
		6E36D784C4535ACAE4A376B1 /* Modules */ = {
			isa = PBXGroup;
			children = (
				AEB28DC5DC806E01B08DCFF2 /* Daily */,
				C4794AC235F365C517B351CE /* Search */,
				47197F6A2118EBF2AC468E70 /* Read */,
				98E238D154C28EDBDB358BF2 /* Bookmarks */,
				BCA05CA46312642A24151058 /* NewsList */,
			);
			path = Modules;
			sourceTree = "<group>";
		};
		6E3B6771B396FB5AD24C624D /* Read */ = {
			isa = PBXGroup;
			children = (
				09B09B1AD7BA757C1C107B07 /* Configurator */,
				696669A397E49248E4A9EF76 /* View */,
				96DFE11F12EFEF7FD808E452 /* Interactor */,
				971E98286FCBD9E81DD845E0 /* Presenter */,
				E3844C272FD884841B47A9C6 /* Router */,
			);
			path = Read;
			sourceTree = "<group>";
		};
		7AC4F6CBEEAF40C988AD3896 /* Configurator */ = {
			isa = PBXGroup;
			children = (
				79C4596B7B0727C807C0D0B6 /* ReadConfigurator.swift */,
				1FB2CF1BF9462485CA179044 /* ReadInitializer.swift */,
			);
			path = Configurator;
			sourceTree = "<group>";
		};
		7AD5EB96499C346D30F7C85A /* Interactor */ = {
			isa = PBXGroup;
			children = (
				1E0C2E22C3C00E41E3AB38B2 /* SearchInteractorInput.swift */,
				85DDBE7534C7732A55450B20 /* SearchInteractorOutput.swift */,
				C2F664BFCBCAA8FA8239EDEB /* SearchInteractor.swift */,
			);
			path = Interactor;
			sourceTree = "<group>";
		};
		81B1859D9C761B6AA20A7093 /* Presenter */ = {
			isa = PBXGroup;
			children = (
				AC25F698C5DAAF3CB9B9A156 /* BookmarksModuleInput.swift */,
				89E9210F7461B65B127C080D /* BookmarksPresenter.swift */,
			);
			path = Presenter;
			sourceTree = "<group>";
		};
		841D67E29C1A1D51655839E5 /* Frameworks */ = {
			isa = PBXGroup;
			children = (
				CE764D39255806C00002FF3C /* XCTest.framework */,
				452F4E78C19F99B8978861DD /* Pods_NewsApp.framework */,
			);
			name = Frameworks;
			sourceTree = "<group>";
		};
		8D3FF66808AEA767BE2E9E5E /* View */ = {
			isa = PBXGroup;
			children = (
				20A6C7A7DCEBB3F6C7E508CF /* BookmarksViewInput.swift */,
				E0094E235B0C5E11CDAC1FC7 /* BookmarksViewOutput.swift */,
				20A200B08FACC6E45881CF22 /* BookmarksViewController.swift */,
			);
			path = View;
			sourceTree = "<group>";
		};
		8F6BCF1AA72AF32778BCE58D /* View */ = {
			isa = PBXGroup;
			children = (
				C7C5A0028487DCAA5B4238AC /* NewsListViewTests.swift */,
			);
			path = View;
			sourceTree = "<group>";
		};
		910F8DB4A14AA1C924C44D3F /* Configurator */ = {
			isa = PBXGroup;
			children = (
				4F40DE6CF4F72A7D28C421E7 /* DailyConfiguratorTests.swift */,
			);
			path = Configurator;
			sourceTree = "<group>";
		};
		96DFE11F12EFEF7FD808E452 /* Interactor */ = {
			isa = PBXGroup;
			children = (
				4745DDED01577968B046638B /* ReadInteractorTests.swift */,
			);
			path = Interactor;
			sourceTree = "<group>";
		};
		971E98286FCBD9E81DD845E0 /* Presenter */ = {
			isa = PBXGroup;
			children = (
				E9BEE1D34993D6D9DABCEC01 /* ReadPresenterTests.swift */,
			);
			path = Presenter;
			sourceTree = "<group>";
		};
		98E238D154C28EDBDB358BF2 /* Bookmarks */ = {
			isa = PBXGroup;
			children = (
				8D3FF66808AEA767BE2E9E5E /* View */,
				81B1859D9C761B6AA20A7093 /* Presenter */,
				5B8D27D5073D7EA9E0020AB6 /* Interactor */,
				41B122D7CAE4C069A4BE42DA /* Router */,
				FB3E3C1167BAEB6483411726 /* Configurator */,
			);
			path = Bookmarks;
			sourceTree = "<group>";
		};
		9D846747675E81AFEFFCB749 /* View */ = {
			isa = PBXGroup;
			children = (
				544FA98FFB977F36E1C2372C /* DailyViewTests.swift */,
			);
			path = View;
			sourceTree = "<group>";
		};
		A06F47629260A04F47747428 /* Interactor */ = {
			isa = PBXGroup;
			children = (
				67A27C55A155E7E08E73D072 /* SearchInteractorTests.swift */,
			);
			path = Interactor;
			sourceTree = "<group>";
		};
		A176D912A46FB16DC071F907 /* Interactor */ = {
			isa = PBXGroup;
			children = (
				75D1D75A72AAF4EB6D4B5C84 /* DailyInteractorTests.swift */,
			);
			path = Interactor;
			sourceTree = "<group>";
		};
		AA6258AAFC35908A7CC7501B /* Configurator */ = {
			isa = PBXGroup;
			children = (
				817B892627DDEA3E9DFC7B44 /* SearchConfiguratorTests.swift */,
			);
			path = Configurator;
			sourceTree = "<group>";
		};
		AD0DC5E3597970DD76A1811C /* Router */ = {
			isa = PBXGroup;
			children = (
				E087B095886A727AA39B8433 /* DailyRouterInput.swift */,
				E78C929CC08C7CA069206D66 /* DailyRouter.swift */,
			);
			path = Router;
			sourceTree = "<group>";
		};
		AEB28DC5DC806E01B08DCFF2 /* Daily */ = {
			isa = PBXGroup;
			children = (
				06DD4B6AEA22C3B1CDF5000C /* View */,
				6748F3E523FF08835F619371 /* Presenter */,
				D041619C2663895390C6CD61 /* Interactor */,
				AD0DC5E3597970DD76A1811C /* Router */,
				E4BDCD12A35FE6A13DB2E8E1 /* Configurator */,
			);
			path = Daily;
			sourceTree = "<group>";
		};
		B3149BFEED4634DCE3209276 /* Configurator */ = {
			isa = PBXGroup;
			children = (
				02C60ED25491CA796F1B1B88 /* NewsListConfiguratorTests.swift */,
			);
			path = Configurator;
			sourceTree = "<group>";
		};
		B8D63A4988CCD59A8B2353BB /* Interactor */ = {
			isa = PBXGroup;
			children = (
				A9816A24440A4E0F130D5490 /* NewsListInteractorInput.swift */,
				5339556DD335C335FFF04F6A /* NewsListInteractorOutput.swift */,
				DE40421569FCCA0CB1B8E7ED /* NewsListInteractor.swift */,
			);
			path = Interactor;
			sourceTree = "<group>";
		};
		BCA05CA46312642A24151058 /* NewsList */ = {
			isa = PBXGroup;
			children = (
				491CF66DD28D1AF8226525B7 /* View */,
				6D0B1F3DB93207B45E434240 /* Presenter */,
				B8D63A4988CCD59A8B2353BB /* Interactor */,
				FCBCAFE73F365EFF871B6ED1 /* Router */,
				69B092366A57F323FCA7D1B3 /* Configurator */,
			);
			path = NewsList;
			sourceTree = "<group>";
		};
		BD5696DA8A89BC623B0097DA /* Presenter */ = {
			isa = PBXGroup;
			children = (
				A19273753890A6FA6BE4AAA9 /* SearchModuleInput.swift */,
				27D1DD031EE7BC0A8EFC3C62 /* SearchPresenter.swift */,
			);
			path = Presenter;
			sourceTree = "<group>";
		};
		C44A88EFEF4AC5741126F347 /* NewsList */ = {
			isa = PBXGroup;
			children = (
				B3149BFEED4634DCE3209276 /* Configurator */,
				8F6BCF1AA72AF32778BCE58D /* View */,
				48AF0501CD047030FAF4BA64 /* Interactor */,
				5A1B538A95DAB9061767FAE6 /* Presenter */,
				E362A0875ADDC0DB5B1FD9C9 /* Router */,
			);
			path = NewsList;
			sourceTree = "<group>";
		};
		C4794AC235F365C517B351CE /* Search */ = {
			isa = PBXGroup;
			children = (
				501CFD3B28EFBADAC9EF7BF6 /* View */,
				BD5696DA8A89BC623B0097DA /* Presenter */,
				7AD5EB96499C346D30F7C85A /* Interactor */,
				2F8507EA0A42AA027930AFDF /* Router */,
				F5851778C65206E696A9F179 /* Configurator */,
			);
			path = Search;
			sourceTree = "<group>";
		};
		C746BF753321E86EC0E70007 /* View */ = {
			isa = PBXGroup;
			children = (
				11576E56C3976B848F62ADA5 /* SearchViewTests.swift */,
			);
			path = View;
			sourceTree = "<group>";
		};
		CE1D36DD255938140003343F /* ViewModel */ = {
			isa = PBXGroup;
			children = (
				CE1D36DE255938480003343F /* LatestNewsViewModel.swift */,
				CE1D36E0255938650003343F /* TopStoriesViewModel.swift */,
				CEA6035D255C071C004DA4EC /* NewsSectionViewModel.swift */,
				CEA60361255C1557004DA4EC /* NewsCellViewModel.swift */,
			);
			path = ViewModel;
			sourceTree = "<group>";
		};
		CE4261702564EC74006578FD /* ViewModel */ = {
			isa = PBXGroup;
			children = (
				CE4261712564EC96006578FD /* NewsListViewModel.swift */,
			);
			path = ViewModel;
			sourceTree = "<group>";
		};
		CE764D2B2557FE930002FF3C /* Models */ = {
			isa = PBXGroup;
			children = (
				CE764D2C2557FEE10002FF3C /* FilterData.swift */,
				CE764D2E2557FEE10002FF3C /* News.swift */,
				CEDE0E28255EE5DF00797931 /* NewsSource.swift */,
				CE764D2D2557FEE10002FF3C /* StringHelper.swift */,
				CE764D65255828780002FF3C /* NewsContainer.swift */,
			);
			path = Models;
			sourceTree = "<group>";
		};
		CE764D43255807F10002FF3C /* NewsAppTests */ = {
			isa = PBXGroup;
			children = (
				CE764D44255807F10002FF3C /* NewsAppTests.swift */,
				1037E484551275E74C97332F /* Modules */,
				CE764D46255807F10002FF3C /* Info.plist */,
			);
			path = NewsAppTests;
			sourceTree = "<group>";
		};
		CE764D60255815870002FF3C /* Services */ = {
			isa = PBXGroup;
			children = (
				CE764D61255815CF0002FF3C /* CachedDataLoader.swift */,
				CE764D632558177C0002FF3C /* NewsLoaderSevice.swift */,
			);
			path = Services;
			sourceTree = "<group>";
		};
		CEA60338255BC478004DA4EC /* images */ = {
			isa = PBXGroup;
			children = (
			);
			path = images;
			sourceTree = "<group>";
		};
		CED192FC2557DEE000040A64 = {
			isa = PBXGroup;
			children = (
				CED193252557E4B600040A64 /* .gitignore */,
				CED193232557E38B00040A64 /* Rambafile */,
				CED1931E2557E25D00040A64 /* Podfile */,
				CED193202557E27800040A64 /* .swiftlint.yml */,
				CED193072557DEE000040A64 /* NewsApp */,
				CE764D43255807F10002FF3C /* NewsAppTests */,
				CED193062557DEE000040A64 /* Products */,
				3F976D730977FCB91D4269CB /* Pods */,
				841D67E29C1A1D51655839E5 /* Frameworks */,
			);
			sourceTree = "<group>";
		};
		CED193062557DEE000040A64 /* Products */ = {
			isa = PBXGroup;
			children = (
				CED193052557DEE000040A64 /* NewsApp.app */,
				CE764D42255807F10002FF3C /* NewsAppTests.xctest */,
			);
			name = Products;
			sourceTree = "<group>";
		};
		CED193072557DEE000040A64 /* NewsApp */ = {
			isa = PBXGroup;
			children = (
				CEA60338255BC478004DA4EC /* images */,
				CED193082557DEE000040A64 /* AppDelegate.swift */,
				CED1930A2557DEE000040A64 /* SceneDelegate.swift */,
				CED1930C2557DEE000040A64 /* FirstViewController.swift */,
				CED1930E2557DEE000040A64 /* SecondViewController.swift */,
				CED193102557DEE000040A64 /* Main.storyboard */,
				CED193132557DEE100040A64 /* Assets.xcassets */,
				CE5D293D255AE183005C4068 /* FontsFree-Net-SFProDisplay-Regular.ttf */,
				CE5D2943255AE225005C4068 /* FontsFree-Net-SFProDisplay-Bold.ttf */,
				CED193152557DEE100040A64 /* LaunchScreen.storyboard */,
				CED193182557DEE100040A64 /* Info.plist */,
				CE764D60255815870002FF3C /* Services */,
				CE764D2B2557FE930002FF3C /* Models */,
				6E36D784C4535ACAE4A376B1 /* Modules */,
			);
			path = NewsApp;
			sourceTree = "<group>";
		};
		D041619C2663895390C6CD61 /* Interactor */ = {
			isa = PBXGroup;
			children = (
				C534F573CC27C25B6B5577AF /* DailyInteractorInput.swift */,
				220F7CC605011508DF35DF8B /* DailyInteractorOutput.swift */,
				3B90905210945F54AF2698E3 /* DailyInteractor.swift */,
			);
			path = Interactor;
			sourceTree = "<group>";
		};
		D2C957343F862FE1D57E04CA /* Router */ = {
			isa = PBXGroup;
			children = (
				D8A79C244868E511F4F75F35 /* ReadRouterInput.swift */,
				520D10A81DA0C87A5F28BA32 /* ReadRouter.swift */,
			);
			path = Router;
			sourceTree = "<group>";
		};
		D34E5A85D406BDC4B4322046 /* Presenter */ = {
			isa = PBXGroup;
			children = (
				464E52339F21EC32704A3FDC /* BookmarksPresenterTests.swift */,
			);
			path = Presenter;
			sourceTree = "<group>";
		};
		D8F6769EDFA49626E2DD9EB3 /* Interactor */ = {
			isa = PBXGroup;
			children = (
				8D690AC05591BEA91191A37D /* ReadInteractorInput.swift */,
				4FCCE2A853A168E3A765106D /* ReadInteractorOutput.swift */,
				D3C6A33A70D97F8D59D3D703 /* ReadInteractor.swift */,
			);
			path = Interactor;
			sourceTree = "<group>";
		};
		DA43C7ABB4740E5569898C4E /* Presenter */ = {
			isa = PBXGroup;
			children = (
				2363172241AC98BD3A1A9BB4 /* SearchPresenterTests.swift */,
			);
			path = Presenter;
			sourceTree = "<group>";
		};
		E362A0875ADDC0DB5B1FD9C9 /* Router */ = {
			isa = PBXGroup;
			children = (
				778ED10157CD4AC5175A686F /* NewsListRouterTests.swift */,
			);
			path = Router;
			sourceTree = "<group>";
		};
		E3844C272FD884841B47A9C6 /* Router */ = {
			isa = PBXGroup;
			children = (
				9BD56FA665E31A544E270548 /* ReadRouterTests.swift */,
			);
			path = Router;
			sourceTree = "<group>";
		};
		E4BDCD12A35FE6A13DB2E8E1 /* Configurator */ = {
			isa = PBXGroup;
			children = (
				6B7828946B1728B6E049AE7F /* DailyConfigurator.swift */,
				25BDF8F0431B4D2ADFFF8D03 /* DailyInitializer.swift */,
			);
			path = Configurator;
			sourceTree = "<group>";
		};
		E6828B3CC9B781EBE8E903CD /* Router */ = {
			isa = PBXGroup;
			children = (
				5BCB41301A2F344AB95D58E1 /* DailyRouterTests.swift */,
			);
			path = Router;
			sourceTree = "<group>";
		};
		F1D23E8FCD3F20FE28083825 /* Daily */ = {
			isa = PBXGroup;
			children = (
				910F8DB4A14AA1C924C44D3F /* Configurator */,
				9D846747675E81AFEFFCB749 /* View */,
				A176D912A46FB16DC071F907 /* Interactor */,
				FE554FD7338D0B88BB342480 /* Presenter */,
				E6828B3CC9B781EBE8E903CD /* Router */,
			);
			path = Daily;
			sourceTree = "<group>";
		};
		F569C1A7482E9245D9624B38 /* Router */ = {
			isa = PBXGroup;
			children = (
				B3FC134FBDAF8AEC88FE65E7 /* SearchRouterTests.swift */,
			);
			path = Router;
			sourceTree = "<group>";
		};
		F5851778C65206E696A9F179 /* Configurator */ = {
			isa = PBXGroup;
			children = (
				81E8255F483FEDF7C84C50EC /* SearchConfigurator.swift */,
				F498732D651236F16BCEE03F /* SearchInitializer.swift */,
			);
			path = Configurator;
			sourceTree = "<group>";
		};
		FB3E3C1167BAEB6483411726 /* Configurator */ = {
			isa = PBXGroup;
			children = (
				851E28A4249254C91CD8FB09 /* BookmarksConfigurator.swift */,
				F079384351A495E0C035ECB6 /* BookmarksInitializer.swift */,
			);
			path = Configurator;
			sourceTree = "<group>";
		};
		FCBCAFE73F365EFF871B6ED1 /* Router */ = {
			isa = PBXGroup;
			children = (
				DC5C0E28453538DC58C04C77 /* NewsListRouterInput.swift */,
				794EF232E1A8B78EF1570A8A /* NewsListRouter.swift */,
			);
			path = Router;
			sourceTree = "<group>";
		};
		FE554FD7338D0B88BB342480 /* Presenter */ = {
			isa = PBXGroup;
			children = (
				7FFB85207527ED45AFF461B2 /* DailyPresenterTests.swift */,
			);
			path = Presenter;
			sourceTree = "<group>";
		};
/* End PBXGroup section */

/* Begin PBXNativeTarget section */
		CE764D41255807F10002FF3C /* NewsAppTests */ = {
			isa = PBXNativeTarget;
			buildConfigurationList = CE764D49255807F10002FF3C /* Build configuration list for PBXNativeTarget "NewsAppTests" */;
			buildPhases = (
				CE764D3E255807F10002FF3C /* Sources */,
				CE764D3F255807F10002FF3C /* Frameworks */,
				CE764D40255807F10002FF3C /* Resources */,
			);
			buildRules = (
			);
			dependencies = (
				CE764D48255807F10002FF3C /* PBXTargetDependency */,
			);
			name = NewsAppTests;
			productName = NewsAppTests;
			productReference = CE764D42255807F10002FF3C /* NewsAppTests.xctest */;
			productType = "com.apple.product-type.bundle.unit-test";
		};
		CED193042557DEE000040A64 /* NewsApp */ = {
			isa = PBXNativeTarget;
			buildConfigurationList = CED1931B2557DEE100040A64 /* Build configuration list for PBXNativeTarget "NewsApp" */;
			buildPhases = (
				FDFFDC4784F5C6AA9456EC11 /* [CP] Check Pods Manifest.lock */,
				CED193012557DEE000040A64 /* Sources */,
				CED193022557DEE000040A64 /* Frameworks */,
				CED193032557DEE000040A64 /* Resources */,
				64AFF0C20F367B2A7ED21231 /* [CP] Embed Pods Frameworks */,
				CED193222557E2D600040A64 /* swiftlint */,
			);
			buildRules = (
			);
			dependencies = (
			);
			name = NewsApp;
			productName = NewsApp;
			productReference = CED193052557DEE000040A64 /* NewsApp.app */;
			productType = "com.apple.product-type.application";
		};
/* End PBXNativeTarget section */

/* Begin PBXProject section */
		CED192FD2557DEE000040A64 /* Project object */ = {
			isa = PBXProject;
			attributes = {
				LastSwiftUpdateCheck = 1160;
				LastUpgradeCheck = 1210;
				ORGANIZATIONNAME = "Orion Innovation";
				TargetAttributes = {
					CE764D41255807F10002FF3C = {
						CreatedOnToolsVersion = 11.6;
						TestTargetID = CED193042557DEE000040A64;
					};
					CED193042557DEE000040A64 = {
						CreatedOnToolsVersion = 11.6;
					};
				};
			};
			buildConfigurationList = CED193002557DEE000040A64 /* Build configuration list for PBXProject "NewsApp" */;
			compatibilityVersion = "Xcode 9.3";
			developmentRegion = en;
			hasScannedForEncodings = 0;
			knownRegions = (
				en,
				Base,
			);
			mainGroup = CED192FC2557DEE000040A64;
			productRefGroup = CED193062557DEE000040A64 /* Products */;
			projectDirPath = "";
			projectRoot = "";
			targets = (
				CED193042557DEE000040A64 /* NewsApp */,
				CE764D41255807F10002FF3C /* NewsAppTests */,
			);
		};
/* End PBXProject section */

/* Begin PBXResourcesBuildPhase section */
		CE764D40255807F10002FF3C /* Resources */ = {
			isa = PBXResourcesBuildPhase;
			buildActionMask = 2147483647;
			files = (
			);
			runOnlyForDeploymentPostprocessing = 0;
		};
		CED193032557DEE000040A64 /* Resources */ = {
			isa = PBXResourcesBuildPhase;
			buildActionMask = 2147483647;
			files = (
				CED193212557E27800040A64 /* .swiftlint.yml in Resources */,
				CED193262557E4B600040A64 /* .gitignore in Resources */,
				CED193172557DEE100040A64 /* LaunchScreen.storyboard in Resources */,
				CEC3BF982563C11600D2B2BC /* NewsListViewCell.xib in Resources */,
				CED193242557E38B00040A64 /* Rambafile in Resources */,
				CED193142557DEE100040A64 /* Assets.xcassets in Resources */,
				CED1931F2557E25D00040A64 /* Podfile in Resources */,
				CE5D2944255AE225005C4068 /* FontsFree-Net-SFProDisplay-Bold.ttf in Resources */,
				CE5D293E255AE183005C4068 /* FontsFree-Net-SFProDisplay-Regular.ttf in Resources */,
				CE553FC9255D3B710021CDA1 /* NewsHeaderView.xib in Resources */,
				CED193122557DEE000040A64 /* Main.storyboard in Resources */,
			);
			runOnlyForDeploymentPostprocessing = 0;
		};
/* End PBXResourcesBuildPhase section */

/* Begin PBXShellScriptBuildPhase section */
		64AFF0C20F367B2A7ED21231 /* [CP] Embed Pods Frameworks */ = {
			isa = PBXShellScriptBuildPhase;
			buildActionMask = 2147483647;
			files = (
			);
			inputFileListPaths = (
				"${PODS_ROOT}/Target Support Files/Pods-NewsApp/Pods-NewsApp-frameworks-${CONFIGURATION}-input-files.xcfilelist",
			);
			name = "[CP] Embed Pods Frameworks";
			outputFileListPaths = (
				"${PODS_ROOT}/Target Support Files/Pods-NewsApp/Pods-NewsApp-frameworks-${CONFIGURATION}-output-files.xcfilelist",
			);
			runOnlyForDeploymentPostprocessing = 0;
			shellPath = /bin/sh;
			shellScript = "\"${PODS_ROOT}/Target Support Files/Pods-NewsApp/Pods-NewsApp-frameworks.sh\"\n";
			showEnvVarsInLog = 0;
		};
		CED193222557E2D600040A64 /* swiftlint */ = {
			isa = PBXShellScriptBuildPhase;
			buildActionMask = 2147483647;
			files = (
			);
			inputFileListPaths = (
			);
			inputPaths = (
			);
			name = swiftlint;
			outputFileListPaths = (
			);
			outputPaths = (
			);
			runOnlyForDeploymentPostprocessing = 0;
			shellPath = /bin/sh;
			shellScript = "# Type a script or drag a script file from your workspace to insert its path.\n\"${PODS_ROOT}/SwiftLint/swiftlint\"\n";
		};
		FDFFDC4784F5C6AA9456EC11 /* [CP] Check Pods Manifest.lock */ = {
			isa = PBXShellScriptBuildPhase;
			buildActionMask = 2147483647;
			files = (
			);
			inputFileListPaths = (
			);
			inputPaths = (
				"${PODS_PODFILE_DIR_PATH}/Podfile.lock",
				"${PODS_ROOT}/Manifest.lock",
			);
			name = "[CP] Check Pods Manifest.lock";
			outputFileListPaths = (
			);
			outputPaths = (
				"$(DERIVED_FILE_DIR)/Pods-NewsApp-checkManifestLockResult.txt",
			);
			runOnlyForDeploymentPostprocessing = 0;
			shellPath = /bin/sh;
			shellScript = "diff \"${PODS_PODFILE_DIR_PATH}/Podfile.lock\" \"${PODS_ROOT}/Manifest.lock\" > /dev/null\nif [ $? != 0 ] ; then\n    # print error to STDERR\n    echo \"error: The sandbox is not in sync with the Podfile.lock. Run 'pod install' or update your CocoaPods installation.\" >&2\n    exit 1\nfi\n# This output is used by Xcode 'outputs' to avoid re-running this script phase.\necho \"SUCCESS\" > \"${SCRIPT_OUTPUT_FILE_0}\"\n";
			showEnvVarsInLog = 0;
		};
/* End PBXShellScriptBuildPhase section */

/* Begin PBXSourcesBuildPhase section */
		CE764D3E255807F10002FF3C /* Sources */ = {
			isa = PBXSourcesBuildPhase;
			buildActionMask = 2147483647;
			files = (
				CE764D5A2558093B0002FF3C /* ReadRouterTests.swift in Sources */,
				CEC3BF8C2563AC2500D2B2BC /* NewsListRouterTests.swift in Sources */,
				CE764D55255809220002FF3C /* SearchRouterTests.swift in Sources */,
				CE764D4F255809020002FF3C /* DailyPresenterTests.swift in Sources */,
				CE764D4C255808F20002FF3C /* DailyConfiguratorTests.swift in Sources */,
				CE764D50255809080002FF3C /* DailyRouterTests.swift in Sources */,
				CEC3BF782563AC1000D2B2BC /* NewsListConfiguratorTests.swift in Sources */,
				CEC3BF7D2563AC1600D2B2BC /* NewsListViewTests.swift in Sources */,
				CE764D58255809330002FF3C /* ReadInteractorTests.swift in Sources */,
				CE764D4D255808F90002FF3C /* DailyViewTests.swift in Sources */,
				CE764D572558092E0002FF3C /* ReadViewTests.swift in Sources */,
				CE764D52255809120002FF3C /* SearchViewTests.swift in Sources */,
				CE764D5B255809410002FF3C /* BookmarksConfiguratorTests.swift in Sources */,
				CE764D59255809370002FF3C /* ReadPresenterTests.swift in Sources */,
				CE764D53255809170002FF3C /* SearchInteractorTests.swift in Sources */,
				CEC3BF872563AC2000D2B2BC /* NewsListPresenterTests.swift in Sources */,
				CE764D542558091B0002FF3C /* SearchPresenterTests.swift in Sources */,
				CEC3BF822563AC1B00D2B2BC /* NewsListInteractorTests.swift in Sources */,
				CE764D56255809290002FF3C /* ReadConfiguratorTests.swift in Sources */,
				CE764D512558090E0002FF3C /* SearchConfiguratorTests.swift in Sources */,
				CE764D4E255808FE0002FF3C /* DailyInteractorTests.swift in Sources */,
				CE764D5E255809520002FF3C /* BookmarksPresenterTests.swift in Sources */,
				CE764D5D2558094D0002FF3C /* BookmarksInteractorTests.swift in Sources */,
				CE764D5C255809480002FF3C /* BookmarksViewTests.swift in Sources */,
				CE764D45255807F10002FF3C /* NewsAppTests.swift in Sources */,
				CE764D5F255809590002FF3C /* BookmarksRouterTests.swift in Sources */,
			);
			runOnlyForDeploymentPostprocessing = 0;
		};
		CED193012557DEE000040A64 /* Sources */ = {
			isa = PBXSourcesBuildPhase;
			buildActionMask = 2147483647;
			files = (
				CED1930F2557DEE000040A64 /* SecondViewController.swift in Sources */,
				CED1930D2557DEE000040A64 /* FirstViewController.swift in Sources */,
				CED193092557DEE000040A64 /* AppDelegate.swift in Sources */,
				CED1930B2557DEE000040A64 /* SceneDelegate.swift in Sources */,
				CE1D36E1255938650003343F /* TopStoriesViewModel.swift in Sources */,
				90439CDF101D5E2AB7C2E6DA /* DailyViewInput.swift in Sources */,
				432A9DB01796FB17811FD506 /* DailyViewOutput.swift in Sources */,
				CE4261722564EC96006578FD /* NewsListViewModel.swift in Sources */,
				E395DD8FEE3411B7C2C8E985 /* DailyViewController.swift in Sources */,
				AE0E38D6C09923A94FBF56AD /* DailyModuleInput.swift in Sources */,
				B48499910682058D13C27783 /* DailyPresenter.swift in Sources */,
				5EE27DC70AA8CFAB99624467 /* DailyInteractorInput.swift in Sources */,
				CE764D62255815CF0002FF3C /* CachedDataLoader.swift in Sources */,
				2D81823C84BCD2741D9F8E22 /* DailyInteractorOutput.swift in Sources */,
				CE553FCD255D52580021CDA1 /* NewsHeaderView.swift in Sources */,
				16741191B90201F0C41DF782 /* DailyInteractor.swift in Sources */,
				B7E35EA1C71C1275CD498CBA /* DailyRouterInput.swift in Sources */,
				CEA6035E255C071C004DA4EC /* NewsSectionViewModel.swift in Sources */,
				FA3194BFB5CC7A371FAD88E1 /* DailyRouter.swift in Sources */,
				FD0C905C30DFCDA3F45B72AB /* DailyConfigurator.swift in Sources */,
				CEA60362255C1557004DA4EC /* NewsCellViewModel.swift in Sources */,
				B90749C3116D03CBACFE94A3 /* DailyInitializer.swift in Sources */,
				CE764D312557FEE10002FF3C /* News.swift in Sources */,
				76D2D6E8E3A7AC2FA68A70D3 /* SearchViewInput.swift in Sources */,
				CEDE0E29255EE5DF00797931 /* NewsSource.swift in Sources */,
				F3E0931EC22A4883E1AA7A38 /* SearchViewOutput.swift in Sources */,
				7B78C59B9D3A34CFA3792C1E /* SearchViewController.swift in Sources */,
				960D382BB0FEB8ACF191A81A /* SearchModuleInput.swift in Sources */,
				CFA4BE90DD13CEC18DDCF7A1 /* SearchPresenter.swift in Sources */,
				C1A69094CFD398C25345220C /* SearchInteractorInput.swift in Sources */,
				B5F1046955CFE55C2CAC15F0 /* SearchInteractorOutput.swift in Sources */,
				80CEF497FBC3D209643A78CF /* SearchInteractor.swift in Sources */,
				CE764D66255828780002FF3C /* NewsContainer.swift in Sources */,
				59E44B424E03C286CC8658E8 /* SearchRouterInput.swift in Sources */,
				CE51BCD5255EA60400D8A611 /* TopStoryCellView.swift in Sources */,
				F5BC00D8BB8DDAF747F00218 /* SearchRouter.swift in Sources */,
				AB5370139336B77182F9DD7C /* SearchConfigurator.swift in Sources */,
				C1788EA188F2290E5E001BBB /* SearchInitializer.swift in Sources */,
				0B180D18215AC4F0784B344E /* ReadViewInput.swift in Sources */,
				324B90D462C97A6A81CDD572 /* ReadViewOutput.swift in Sources */,
				E8334B739DDD3EFABF245C78 /* ReadViewController.swift in Sources */,
				F696B3B090A930C8C4C0F09F /* ReadModuleInput.swift in Sources */,
				CE1D36DF255938480003343F /* LatestNewsViewModel.swift in Sources */,
				C81DCCA964F6137F6C7494ED /* ReadPresenter.swift in Sources */,
				9C4C24D0BBD6D16C863405DE /* ReadInteractorInput.swift in Sources */,
				E0407B7FB0E1A12B4C86D29D /* ReadInteractorOutput.swift in Sources */,
				3116BB56E87E599C9FA8B667 /* ReadInteractor.swift in Sources */,
				68B6262E9A3ADC90BD42FC80 /* ReadRouterInput.swift in Sources */,
				CEDE0E25255EE3AE00797931 /* LatestNewsCellView.swift in Sources */,
				DD507F2484B9A98E2B602C97 /* ReadRouter.swift in Sources */,
				47F85D6DEB781EA48B792AD1 /* ReadConfigurator.swift in Sources */,
				206D0DC14C7A240D24950BD7 /* ReadInitializer.swift in Sources */,
				CE764D302557FEE10002FF3C /* StringHelper.swift in Sources */,
				860147652DD68B5DD97136FF /* BookmarksViewInput.swift in Sources */,
				4DEA1B1800F570B5BA6E8F1E /* BookmarksViewOutput.swift in Sources */,
				E3A4F5477F88974885DB7A2C /* BookmarksViewController.swift in Sources */,
				1F4A1A4C528614DF902786AA /* BookmarksModuleInput.swift in Sources */,
				9A3C478B74A0D638916AB99C /* BookmarksPresenter.swift in Sources */,
				FEAEED1C34763566FB8AC2B7 /* BookmarksInteractorInput.swift in Sources */,
				7AB408C521E2FBB000725BD7 /* BookmarksInteractorOutput.swift in Sources */,
				CE764D642558177C0002FF3C /* NewsLoaderSevice.swift in Sources */,
				5360B14DCD66DF13DFD7AD98 /* BookmarksInteractor.swift in Sources */,
				9FA501D71924EFDEF6499FE0 /* BookmarksRouterInput.swift in Sources */,
				1A4711823E433855843F373A /* BookmarksRouter.swift in Sources */,
				CE764D2F2557FEE10002FF3C /* FilterData.swift in Sources */,
				34CE76B410B06D8E713BA17C /* BookmarksConfigurator.swift in Sources */,
				29451564248B19930F2A8F46 /* BookmarksInitializer.swift in Sources */,
				3D4310A2C3528EEC95C21A2D /* NewsListViewInput.swift in Sources */,
				3AC49094FE2ED9AED2B0DC04 /* NewsListViewOutput.swift in Sources */,
				37B1D91DA1E4B16E8422E318 /* NewsListViewController.swift in Sources */,
				532E35F1EF22111F5B3F13EE /* NewsListModuleInput.swift in Sources */,
				B4ABB3F06ECE50C8EC2127DF /* NewsListPresenter.swift in Sources */,
				471B2808FD3ACF1B6F313781 /* NewsListInteractorInput.swift in Sources */,
				A260A62D02BF80B1A7D29D12 /* NewsListInteractorOutput.swift in Sources */,
				8D2CFA439F57F7AE8888FD45 /* NewsListInteractor.swift in Sources */,
				F3236D682C560246BD02F137 /* NewsListRouterInput.swift in Sources */,
				CEC3BF972563C11600D2B2BC /* NewsListViewCell.swift in Sources */,
				B9F4AE463C67B8C855E6ED8C /* NewsListRouter.swift in Sources */,
				CCE4F5EF772F39CB9955C8D7 /* NewsListConfigurator.swift in Sources */,
				6E664AB1075A88C6626F66FD /* NewsListInitializer.swift in Sources */,
			);
			runOnlyForDeploymentPostprocessing = 0;
		};
/* End PBXSourcesBuildPhase section */

/* Begin PBXTargetDependency section */
		CE764D48255807F10002FF3C /* PBXTargetDependency */ = {
			isa = PBXTargetDependency;
			target = CED193042557DEE000040A64 /* NewsApp */;
			targetProxy = CE764D47255807F10002FF3C /* PBXContainerItemProxy */;
		};
/* End PBXTargetDependency section */

/* Begin PBXVariantGroup section */
		CED193102557DEE000040A64 /* Main.storyboard */ = {
			isa = PBXVariantGroup;
			children = (
				CED193112557DEE000040A64 /* Base */,
			);
			name = Main.storyboard;
			sourceTree = "<group>";
		};
		CED193152557DEE100040A64 /* LaunchScreen.storyboard */ = {
			isa = PBXVariantGroup;
			children = (
				CED193162557DEE100040A64 /* Base */,
			);
			name = LaunchScreen.storyboard;
			sourceTree = "<group>";
		};
/* End PBXVariantGroup section */

/* Begin XCBuildConfiguration section */
		CE764D4A255807F10002FF3C /* Debug */ = {
			isa = XCBuildConfiguration;
			buildSettings = {
				BUNDLE_LOADER = "$(TEST_HOST)";
				CODE_SIGN_STYLE = Automatic;
				DEVELOPMENT_TEAM = DH352K3484;
				INFOPLIST_FILE = NewsAppTests/Info.plist;
				LD_RUNPATH_SEARCH_PATHS = (
					"$(inherited)",
					"@executable_path/Frameworks",
					"@loader_path/Frameworks",
				);
				PRODUCT_BUNDLE_IDENTIFIER = com.oi.NewsAppTests;
				PRODUCT_NAME = "$(TARGET_NAME)";
				SWIFT_VERSION = 5.0;
				TARGETED_DEVICE_FAMILY = "1,2";
				TEST_HOST = "$(BUILT_PRODUCTS_DIR)/NewsApp.app/NewsApp";
			};
			name = Debug;
		};
		CE764D4B255807F10002FF3C /* Release */ = {
			isa = XCBuildConfiguration;
			buildSettings = {
				BUNDLE_LOADER = "$(TEST_HOST)";
				CODE_SIGN_STYLE = Automatic;
				DEVELOPMENT_TEAM = DH352K3484;
				INFOPLIST_FILE = NewsAppTests/Info.plist;
				LD_RUNPATH_SEARCH_PATHS = (
					"$(inherited)",
					"@executable_path/Frameworks",
					"@loader_path/Frameworks",
				);
				PRODUCT_BUNDLE_IDENTIFIER = com.oi.NewsAppTests;
				PRODUCT_NAME = "$(TARGET_NAME)";
				SWIFT_VERSION = 5.0;
				TARGETED_DEVICE_FAMILY = "1,2";
				TEST_HOST = "$(BUILT_PRODUCTS_DIR)/NewsApp.app/NewsApp";
			};
			name = Release;
		};
		CED193192557DEE100040A64 /* Debug */ = {
			isa = XCBuildConfiguration;
			buildSettings = {
				ALWAYS_SEARCH_USER_PATHS = NO;
				CLANG_ANALYZER_NONNULL = YES;
				CLANG_ANALYZER_NUMBER_OBJECT_CONVERSION = YES_AGGRESSIVE;
				CLANG_CXX_LANGUAGE_STANDARD = "gnu++14";
				CLANG_CXX_LIBRARY = "libc++";
				CLANG_ENABLE_MODULES = YES;
				CLANG_ENABLE_OBJC_ARC = YES;
				CLANG_ENABLE_OBJC_WEAK = YES;
				CLANG_WARN_BLOCK_CAPTURE_AUTORELEASING = YES;
				CLANG_WARN_BOOL_CONVERSION = YES;
				CLANG_WARN_COMMA = YES;
				CLANG_WARN_CONSTANT_CONVERSION = YES;
				CLANG_WARN_DEPRECATED_OBJC_IMPLEMENTATIONS = YES;
				CLANG_WARN_DIRECT_OBJC_ISA_USAGE = YES_ERROR;
				CLANG_WARN_DOCUMENTATION_COMMENTS = YES;
				CLANG_WARN_EMPTY_BODY = YES;
				CLANG_WARN_ENUM_CONVERSION = YES;
				CLANG_WARN_INFINITE_RECURSION = YES;
				CLANG_WARN_INT_CONVERSION = YES;
				CLANG_WARN_NON_LITERAL_NULL_CONVERSION = YES;
				CLANG_WARN_OBJC_IMPLICIT_RETAIN_SELF = YES;
				CLANG_WARN_OBJC_LITERAL_CONVERSION = YES;
				CLANG_WARN_OBJC_ROOT_CLASS = YES_ERROR;
				CLANG_WARN_QUOTED_INCLUDE_IN_FRAMEWORK_HEADER = YES;
				CLANG_WARN_RANGE_LOOP_ANALYSIS = YES;
				CLANG_WARN_STRICT_PROTOTYPES = YES;
				CLANG_WARN_SUSPICIOUS_MOVE = YES;
				CLANG_WARN_UNGUARDED_AVAILABILITY = YES_AGGRESSIVE;
				CLANG_WARN_UNREACHABLE_CODE = YES;
				CLANG_WARN__DUPLICATE_METHOD_MATCH = YES;
				COPY_PHASE_STRIP = NO;
				DEBUG_INFORMATION_FORMAT = dwarf;
				ENABLE_STRICT_OBJC_MSGSEND = YES;
				ENABLE_TESTABILITY = YES;
				GCC_C_LANGUAGE_STANDARD = gnu11;
				GCC_DYNAMIC_NO_PIC = NO;
				GCC_NO_COMMON_BLOCKS = YES;
				GCC_OPTIMIZATION_LEVEL = 0;
				GCC_PREPROCESSOR_DEFINITIONS = (
					"DEBUG=1",
					"$(inherited)",
				);
				GCC_WARN_64_TO_32_BIT_CONVERSION = YES;
				GCC_WARN_ABOUT_RETURN_TYPE = YES_ERROR;
				GCC_WARN_UNDECLARED_SELECTOR = YES;
				GCC_WARN_UNINITIALIZED_AUTOS = YES_AGGRESSIVE;
				GCC_WARN_UNUSED_FUNCTION = YES;
				GCC_WARN_UNUSED_VARIABLE = YES;
				MTL_ENABLE_DEBUG_INFO = INCLUDE_SOURCE;
				MTL_FAST_MATH = YES;
				ONLY_ACTIVE_ARCH = YES;
				SDKROOT = iphoneos;
				SWIFT_ACTIVE_COMPILATION_CONDITIONS = DEBUG;
				SWIFT_OPTIMIZATION_LEVEL = "-Onone";
			};
			name = Debug;
		};
		CED1931A2557DEE100040A64 /* Release */ = {
			isa = XCBuildConfiguration;
			buildSettings = {
				ALWAYS_SEARCH_USER_PATHS = NO;
				CLANG_ANALYZER_NONNULL = YES;
				CLANG_ANALYZER_NUMBER_OBJECT_CONVERSION = YES_AGGRESSIVE;
				CLANG_CXX_LANGUAGE_STANDARD = "gnu++14";
				CLANG_CXX_LIBRARY = "libc++";
				CLANG_ENABLE_MODULES = YES;
				CLANG_ENABLE_OBJC_ARC = YES;
				CLANG_ENABLE_OBJC_WEAK = YES;
				CLANG_WARN_BLOCK_CAPTURE_AUTORELEASING = YES;
				CLANG_WARN_BOOL_CONVERSION = YES;
				CLANG_WARN_COMMA = YES;
				CLANG_WARN_CONSTANT_CONVERSION = YES;
				CLANG_WARN_DEPRECATED_OBJC_IMPLEMENTATIONS = YES;
				CLANG_WARN_DIRECT_OBJC_ISA_USAGE = YES_ERROR;
				CLANG_WARN_DOCUMENTATION_COMMENTS = YES;
				CLANG_WARN_EMPTY_BODY = YES;
				CLANG_WARN_ENUM_CONVERSION = YES;
				CLANG_WARN_INFINITE_RECURSION = YES;
				CLANG_WARN_INT_CONVERSION = YES;
				CLANG_WARN_NON_LITERAL_NULL_CONVERSION = YES;
				CLANG_WARN_OBJC_IMPLICIT_RETAIN_SELF = YES;
				CLANG_WARN_OBJC_LITERAL_CONVERSION = YES;
				CLANG_WARN_OBJC_ROOT_CLASS = YES_ERROR;
				CLANG_WARN_QUOTED_INCLUDE_IN_FRAMEWORK_HEADER = YES;
				CLANG_WARN_RANGE_LOOP_ANALYSIS = YES;
				CLANG_WARN_STRICT_PROTOTYPES = YES;
				CLANG_WARN_SUSPICIOUS_MOVE = YES;
				CLANG_WARN_UNGUARDED_AVAILABILITY = YES_AGGRESSIVE;
				CLANG_WARN_UNREACHABLE_CODE = YES;
				CLANG_WARN__DUPLICATE_METHOD_MATCH = YES;
				COPY_PHASE_STRIP = NO;
				DEBUG_INFORMATION_FORMAT = "dwarf-with-dsym";
				ENABLE_NS_ASSERTIONS = NO;
				ENABLE_STRICT_OBJC_MSGSEND = YES;
				GCC_C_LANGUAGE_STANDARD = gnu11;
				GCC_NO_COMMON_BLOCKS = YES;
				GCC_WARN_64_TO_32_BIT_CONVERSION = YES;
				GCC_WARN_ABOUT_RETURN_TYPE = YES_ERROR;
				GCC_WARN_UNDECLARED_SELECTOR = YES;
				GCC_WARN_UNINITIALIZED_AUTOS = YES_AGGRESSIVE;
				GCC_WARN_UNUSED_FUNCTION = YES;
				GCC_WARN_UNUSED_VARIABLE = YES;
				MTL_ENABLE_DEBUG_INFO = NO;
				MTL_FAST_MATH = YES;
				SDKROOT = iphoneos;
				SWIFT_COMPILATION_MODE = wholemodule;
				SWIFT_OPTIMIZATION_LEVEL = "-O";
				VALIDATE_PRODUCT = YES;
			};
			name = Release;
		};
		CED1931C2557DEE100040A64 /* Debug */ = {
			isa = XCBuildConfiguration;
			baseConfigurationReference = B077703C78530AB1064345DF /* Pods-NewsApp.debug.xcconfig */;
			buildSettings = {
				ASSETCATALOG_COMPILER_APPICON_NAME = AppIcon;
				CODE_SIGN_STYLE = Automatic;
				DEVELOPMENT_TEAM = DH352K3484;
				INFOPLIST_FILE = NewsApp/Info.plist;
				LD_RUNPATH_SEARCH_PATHS = (
					"$(inherited)",
					"@executable_path/Frameworks",
				);
				PRODUCT_BUNDLE_IDENTIFIER = com.oi.NewsApp;
				PRODUCT_NAME = "$(TARGET_NAME)";
				SWIFT_VERSION = 5.0;
				TARGETED_DEVICE_FAMILY = "1,2";
			};
			name = Debug;
		};
		CED1931D2557DEE100040A64 /* Release */ = {
			isa = XCBuildConfiguration;
			baseConfigurationReference = 878F88F80314832082E45B05 /* Pods-NewsApp.release.xcconfig */;
			buildSettings = {
				ASSETCATALOG_COMPILER_APPICON_NAME = AppIcon;
				CODE_SIGN_STYLE = Automatic;
				DEVELOPMENT_TEAM = DH352K3484;
				INFOPLIST_FILE = NewsApp/Info.plist;
				LD_RUNPATH_SEARCH_PATHS = (
					"$(inherited)",
					"@executable_path/Frameworks",
				);
				PRODUCT_BUNDLE_IDENTIFIER = com.oi.NewsApp;
				PRODUCT_NAME = "$(TARGET_NAME)";
				SWIFT_VERSION = 5.0;
				TARGETED_DEVICE_FAMILY = "1,2";
			};
			name = Release;
		};
/* End XCBuildConfiguration section */

/* Begin XCConfigurationList section */
		CE764D49255807F10002FF3C /* Build configuration list for PBXNativeTarget "NewsAppTests" */ = {
			isa = XCConfigurationList;
			buildConfigurations = (
				CE764D4A255807F10002FF3C /* Debug */,
				CE764D4B255807F10002FF3C /* Release */,
			);
			defaultConfigurationIsVisible = 0;
			defaultConfigurationName = Release;
		};
		CED193002557DEE000040A64 /* Build configuration list for PBXProject "NewsApp" */ = {
			isa = XCConfigurationList;
			buildConfigurations = (
				CED193192557DEE100040A64 /* Debug */,
				CED1931A2557DEE100040A64 /* Release */,
			);
			defaultConfigurationIsVisible = 0;
			defaultConfigurationName = Release;
		};
		CED1931B2557DEE100040A64 /* Build configuration list for PBXNativeTarget "NewsApp" */ = {
			isa = XCConfigurationList;
			buildConfigurations = (
				CED1931C2557DEE100040A64 /* Debug */,
				CED1931D2557DEE100040A64 /* Release */,
			);
			defaultConfigurationIsVisible = 0;
			defaultConfigurationName = Release;
		};
/* End XCConfigurationList section */
	};
	rootObject = CED192FD2557DEE000040A64 /* Project object */;
}
